// !$*UTF8*$!
{
	archiveVersion = 1;
	classes = {
	};
	objectVersion = 55;
	objects = {

/* Begin PBXBuildFile section */
		18461F9B2C071956002F4612 /* Data.swift in Sources */ = {isa = PBXBuildFile; fileRef = 18461F9A2C071956002F4612 /* Data.swift */; };
		18461F9D2C071972002F4612 /* Landmark.swift in Sources */ = {isa = PBXBuildFile; fileRef = 18461F9C2C071972002F4612 /* Landmark.swift */; };
		18461F9F2C0723B6002F4612 /* ImageStore.swift in Sources */ = {isa = PBXBuildFile; fileRef = 18461F9E2C0723B6002F4612 /* ImageStore.swift */; };
		18461FA12C0764CD002F4612 /* LandmarkList.swift in Sources */ = {isa = PBXBuildFile; fileRef = 18461FA02C0764CD002F4612 /* LandmarkList.swift */; };
		18461FAE2C076CDE002F4612 /* MapView.swift in Sources */ = {isa = PBXBuildFile; fileRef = 18461FAC2C076CDD002F4612 /* MapView.swift */; };
		18461FAF2C076CDE002F4612 /* CircleImage.swift in Sources */ = {isa = PBXBuildFile; fileRef = 18461FAD2C076CDD002F4612 /* CircleImage.swift */; };
		18461FB12C077059002F4612 /* LandmarkDetail.swift in Sources */ = {isa = PBXBuildFile; fileRef = 18461FB02C077059002F4612 /* LandmarkDetail.swift */; };
		18461FB52C077E41002F4612 /* AppDelegate.swift in Sources */ = {isa = PBXBuildFile; fileRef = 18461FB42C077E41002F4612 /* AppDelegate.swift */; };
		18461FBE2C081D97002F4612 /* Main.storyboard in Resources */ = {isa = PBXBuildFile; fileRef = 18461FBD2C081D97002F4612 /* Main.storyboard */; };
		18461FC22C08270D002F4612 /* SceneDelegate.swift in Sources */ = {isa = PBXBuildFile; fileRef = 18461FC12C08270D002F4612 /* SceneDelegate.swift */; };
		18461FCA2C09C479002F4612 /* AppDelegate.swift in Sources */ = {isa = PBXBuildFile; fileRef = 18461FC92C09C479002F4612 /* AppDelegate.swift */; };
		18461FCC2C09C479002F4612 /* SceneDelegate.swift in Sources */ = {isa = PBXBuildFile; fileRef = 18461FCB2C09C479002F4612 /* SceneDelegate.swift */; };
		18461FCE2C09C479002F4612 /* ViewController.swift in Sources */ = {isa = PBXBuildFile; fileRef = 18461FCD2C09C479002F4612 /* ViewController.swift */; };
		18461FD12C09C479002F4612 /* Main.storyboard in Resources */ = {isa = PBXBuildFile; fileRef = 18461FCF2C09C479002F4612 /* Main.storyboard */; };
		18461FD32C09C47B002F4612 /* Assets.xcassets in Resources */ = {isa = PBXBuildFile; fileRef = 18461FD22C09C47B002F4612 /* Assets.xcassets */; };
		18461FD62C09C47B002F4612 /* LaunchScreen.storyboard in Resources */ = {isa = PBXBuildFile; fileRef = 18461FD42C09C47B002F4612 /* LaunchScreen.storyboard */; };
		18461FF52C09C5A0002F4612 /* MapView.swift in Sources */ = {isa = PBXBuildFile; fileRef = 18461FDC2C09C5A0002F4612 /* MapView.swift */; };
		18461FF62C09C5A0002F4612 /* CircleImage.swift in Sources */ = {isa = PBXBuildFile; fileRef = 18461FDD2C09C5A0002F4612 /* CircleImage.swift */; };
		18461FF72C09C5A0002F4612 /* LandmarkList.swift in Sources */ = {isa = PBXBuildFile; fileRef = 18461FDE2C09C5A0002F4612 /* LandmarkList.swift */; };
		18461FF82C09C5A0002F4612 /* LandmarkDetail.swift in Sources */ = {isa = PBXBuildFile; fileRef = 18461FDF2C09C5A0002F4612 /* LandmarkDetail.swift */; };
		18461FF92C09C5A0002F4612 /* LandmarkRow.swift in Sources */ = {isa = PBXBuildFile; fileRef = 18461FE02C09C5A0002F4612 /* LandmarkRow.swift */; };
		18461FFA2C09C5A0002F4612 /* ContentView.swift in Sources */ = {isa = PBXBuildFile; fileRef = 18461FE12C09C5A0002F4612 /* ContentView.swift */; };
		18461FFC2C09C5A0002F4612 /* ImageStore.swift in Sources */ = {isa = PBXBuildFile; fileRef = 18461FE42C09C5A0002F4612 /* ImageStore.swift */; };
		18461FFD2C09C5A0002F4612 /* Data.swift in Sources */ = {isa = PBXBuildFile; fileRef = 18461FE52C09C5A0002F4612 /* Data.swift */; };
		18461FFE2C09C5A0002F4612 /* Landmark.swift in Sources */ = {isa = PBXBuildFile; fileRef = 18461FE62C09C5A0002F4612 /* Landmark.swift */; };
		18461FFF2C09C5A0002F4612 /* turtlerock.jpg in Resources */ = {isa = PBXBuildFile; fileRef = 18461FE82C09C5A0002F4612 /* turtlerock.jpg */; };
		184620002C09C5A0002F4612 /* silversalmoncreek.jpg in Resources */ = {isa = PBXBuildFile; fileRef = 18461FE92C09C5A0002F4612 /* silversalmoncreek.jpg */; };
		184620012C09C5A0002F4612 /* icybay.jpg in Resources */ = {isa = PBXBuildFile; fileRef = 18461FEA2C09C5A0002F4612 /* icybay.jpg */; };
		184620022C09C5A0002F4612 /* lakemcdonald.jpg in Resources */ = {isa = PBXBuildFile; fileRef = 18461FEB2C09C5A0002F4612 /* lakemcdonald.jpg */; };
		184620032C09C5A0002F4612 /* hiddenlake.jpg in Resources */ = {isa = PBXBuildFile; fileRef = 18461FEC2C09C5A0002F4612 /* hiddenlake.jpg */; };
		184620042C09C5A0002F4612 /* twinlake.jpg in Resources */ = {isa = PBXBuildFile; fileRef = 18461FED2C09C5A0002F4612 /* twinlake.jpg */; };
		184620052C09C5A0002F4612 /* umbagog.jpg in Resources */ = {isa = PBXBuildFile; fileRef = 18461FEE2C09C5A0002F4612 /* umbagog.jpg */; };
		184620062C09C5A0002F4612 /* landmarkData.json in Resources */ = {isa = PBXBuildFile; fileRef = 18461FEF2C09C5A0002F4612 /* landmarkData.json */; };
		184620072C09C5A0002F4612 /* chincoteague.jpg in Resources */ = {isa = PBXBuildFile; fileRef = 18461FF02C09C5A0002F4612 /* chincoteague.jpg */; };
		184620082C09C5A0002F4612 /* yukon_charleyrivers.jpg in Resources */ = {isa = PBXBuildFile; fileRef = 18461FF12C09C5A0002F4612 /* yukon_charleyrivers.jpg */; };
		184620092C09C5A0002F4612 /* stmarylake.jpg in Resources */ = {isa = PBXBuildFile; fileRef = 18461FF22C09C5A0002F4612 /* stmarylake.jpg */; };
		1846200A2C09C5A0002F4612 /* chilkoottrail.jpg in Resources */ = {isa = PBXBuildFile; fileRef = 18461FF32C09C5A0002F4612 /* chilkoottrail.jpg */; };
		1846200B2C09C5A0002F4612 /* rainbowlake.jpg in Resources */ = {isa = PBXBuildFile; fileRef = 18461FF42C09C5A0002F4612 /* rainbowlake.jpg */; };
		1846200D2C0BE973002F4612 /* UserData.swift in Sources */ = {isa = PBXBuildFile; fileRef = 1846200C2C0BE973002F4612 /* UserData.swift */; };
		18745B232C0EBEC500F07F62 /* DrawPathsAndShapesApp.swift in Sources */ = {isa = PBXBuildFile; fileRef = 18745B222C0EBEC500F07F62 /* DrawPathsAndShapesApp.swift */; };
		18745B252C0EBEC500F07F62 /* ContentView.swift in Sources */ = {isa = PBXBuildFile; fileRef = 18745B242C0EBEC500F07F62 /* ContentView.swift */; };
		18745B272C0EBEC600F07F62 /* Assets.xcassets in Resources */ = {isa = PBXBuildFile; fileRef = 18745B262C0EBEC600F07F62 /* Assets.xcassets */; };
		18745B2A2C0EBEC600F07F62 /* Preview Assets.xcassets in Resources */ = {isa = PBXBuildFile; fileRef = 18745B292C0EBEC600F07F62 /* Preview Assets.xcassets */; };
		18745B2F2C0EBF9D00F07F62 /* Badge.swift in Sources */ = {isa = PBXBuildFile; fileRef = 18745B2E2C0EBF9D00F07F62 /* Badge.swift */; };
		18745B312C0EC03E00F07F62 /* HexagonParameters.swift in Sources */ = {isa = PBXBuildFile; fileRef = 18745B302C0EC03E00F07F62 /* HexagonParameters.swift */; };
		18745B332C0EE8E400F07F62 /* BadgeBackground.swift in Sources */ = {isa = PBXBuildFile; fileRef = 18745B322C0EE8E400F07F62 /* BadgeBackground.swift */; };
		18745B352C0EEC4100F07F62 /* BadgeSymbol.swift in Sources */ = {isa = PBXBuildFile; fileRef = 18745B342C0EEC4100F07F62 /* BadgeSymbol.swift */; };
		18745B372C0EF05D00F07F62 /* RotatedBadgeSymbol.swift in Sources */ = {isa = PBXBuildFile; fileRef = 18745B362C0EF05D00F07F62 /* RotatedBadgeSymbol.swift */; };
		18745B3F2C0EFD5E00F07F62 /* AnimatingViewsAndTransitionsApp.swift in Sources */ = {isa = PBXBuildFile; fileRef = 18745B3E2C0EFD5E00F07F62 /* AnimatingViewsAndTransitionsApp.swift */; };
		18745B412C0EFD5E00F07F62 /* ContentView.swift in Sources */ = {isa = PBXBuildFile; fileRef = 18745B402C0EFD5E00F07F62 /* ContentView.swift */; };
		18745B432C0EFD5F00F07F62 /* Assets.xcassets in Resources */ = {isa = PBXBuildFile; fileRef = 18745B422C0EFD5F00F07F62 /* Assets.xcassets */; };
		18745B462C0EFD5F00F07F62 /* Preview Assets.xcassets in Resources */ = {isa = PBXBuildFile; fileRef = 18745B452C0EFD5F00F07F62 /* Preview Assets.xcassets */; };
		18745B872C10895900F07F62 /* GraphCapsule.swift in Sources */ = {isa = PBXBuildFile; fileRef = 18745B822C10895900F07F62 /* GraphCapsule.swift */; };
		18745B882C10895900F07F62 /* HikeGraph.swift in Sources */ = {isa = PBXBuildFile; fileRef = 18745B832C10895900F07F62 /* HikeGraph.swift */; };
		18745B892C10895900F07F62 /* HikeDetail.swift in Sources */ = {isa = PBXBuildFile; fileRef = 18745B842C10895900F07F62 /* HikeDetail.swift */; };
		18745B8A2C10895900F07F62 /* HikeView.swift in Sources */ = {isa = PBXBuildFile; fileRef = 18745B852C10895900F07F62 /* HikeView.swift */; };
		18745B8C2C10899000F07F62 /* Hike.swift in Sources */ = {isa = PBXBuildFile; fileRef = 18745B8B2C10899000F07F62 /* Hike.swift */; };
		18745B962C108B0300F07F62 /* ModelData.swift in Sources */ = {isa = PBXBuildFile; fileRef = 18745B952C108B0300F07F62 /* ModelData.swift */; };
		18745B982C108B6900F07F62 /* hikeData.json in Resources */ = {isa = PBXBuildFile; fileRef = 18745B972C108B6900F07F62 /* hikeData.json */; };
		18745BA02C118E0F00F07F62 /* ComposingComplexInterfacesApp.swift in Sources */ = {isa = PBXBuildFile; fileRef = 18745B9F2C118E0F00F07F62 /* ComposingComplexInterfacesApp.swift */; };
		18745BA22C118E0F00F07F62 /* ContentView.swift in Sources */ = {isa = PBXBuildFile; fileRef = 18745BA12C118E0F00F07F62 /* ContentView.swift */; };
		18745BA42C118E1000F07F62 /* Assets.xcassets in Resources */ = {isa = PBXBuildFile; fileRef = 18745BA32C118E1000F07F62 /* Assets.xcassets */; };
		18745BA72C118E1000F07F62 /* Preview Assets.xcassets in Resources */ = {isa = PBXBuildFile; fileRef = 18745BA62C118E1000F07F62 /* Preview Assets.xcassets */; };
		18745BAC2C118E3100F07F62 /* CategoryHome.swift in Sources */ = {isa = PBXBuildFile; fileRef = 18745BAB2C118E3100F07F62 /* CategoryHome.swift */; };
		18745BFC2C1199CF00F07F62 /* hikeData.json in Resources */ = {isa = PBXBuildFile; fileRef = 18745BE12C1199CF00F07F62 /* hikeData.json */; };
		18745BFD2C1199CF00F07F62 /* landmarkData.json in Resources */ = {isa = PBXBuildFile; fileRef = 18745BE22C1199CF00F07F62 /* landmarkData.json */; };
		18745BFE2C1199CF00F07F62 /* Hike.swift in Sources */ = {isa = PBXBuildFile; fileRef = 18745BE42C1199CF00F07F62 /* Hike.swift */; };
		18745BFF2C1199CF00F07F62 /* ModelData.swift in Sources */ = {isa = PBXBuildFile; fileRef = 18745BE52C1199CF00F07F62 /* ModelData.swift */; };
		18745C002C1199CF00F07F62 /* Landmark.swift in Sources */ = {isa = PBXBuildFile; fileRef = 18745BE62C1199CF00F07F62 /* Landmark.swift */; };
		18745C012C1199CF00F07F62 /* GraphCapsule.swift in Sources */ = {isa = PBXBuildFile; fileRef = 18745BE92C1199CF00F07F62 /* GraphCapsule.swift */; };
		18745C022C1199CF00F07F62 /* HikeGraph.swift in Sources */ = {isa = PBXBuildFile; fileRef = 18745BEA2C1199CF00F07F62 /* HikeGraph.swift */; };
		18745C032C1199CF00F07F62 /* HikeDetail.swift in Sources */ = {isa = PBXBuildFile; fileRef = 18745BEB2C1199CF00F07F62 /* HikeDetail.swift */; };
		18745C042C1199CF00F07F62 /* HikeView.swift in Sources */ = {isa = PBXBuildFile; fileRef = 18745BEC2C1199CF00F07F62 /* HikeView.swift */; };
		18745C052C1199CF00F07F62 /* LandmarkList.swift in Sources */ = {isa = PBXBuildFile; fileRef = 18745BEE2C1199CF00F07F62 /* LandmarkList.swift */; };
		18745C062C1199CF00F07F62 /* LandmarkDetail.swift in Sources */ = {isa = PBXBuildFile; fileRef = 18745BEF2C1199CF00F07F62 /* LandmarkDetail.swift */; };
		18745C072C1199CF00F07F62 /* LandmarkRow.swift in Sources */ = {isa = PBXBuildFile; fileRef = 18745BF02C1199CF00F07F62 /* LandmarkRow.swift */; };
		18745C092C1199CF00F07F62 /* MapView.swift in Sources */ = {isa = PBXBuildFile; fileRef = 18745BF32C1199CF00F07F62 /* MapView.swift */; };
		18745C0A2C1199CF00F07F62 /* CircleImage.swift in Sources */ = {isa = PBXBuildFile; fileRef = 18745BF42C1199CF00F07F62 /* CircleImage.swift */; };
		18745C0B2C1199CF00F07F62 /* FavoriteButton.swift in Sources */ = {isa = PBXBuildFile; fileRef = 18745BF52C1199CF00F07F62 /* FavoriteButton.swift */; };
		18745C0C2C1199CF00F07F62 /* RotatedBadgeSymbol.swift in Sources */ = {isa = PBXBuildFile; fileRef = 18745BF72C1199CF00F07F62 /* RotatedBadgeSymbol.swift */; };
		18745C0D2C1199CF00F07F62 /* HexagonParameters.swift in Sources */ = {isa = PBXBuildFile; fileRef = 18745BF82C1199CF00F07F62 /* HexagonParameters.swift */; };
		18745C0E2C1199CF00F07F62 /* BadgeSymbol.swift in Sources */ = {isa = PBXBuildFile; fileRef = 18745BF92C1199CF00F07F62 /* BadgeSymbol.swift */; };
		18745C0F2C1199CF00F07F62 /* BadgeBackground.swift in Sources */ = {isa = PBXBuildFile; fileRef = 18745BFA2C1199CF00F07F62 /* BadgeBackground.swift */; };
		18745C102C1199CF00F07F62 /* Badge.swift in Sources */ = {isa = PBXBuildFile; fileRef = 18745BFB2C1199CF00F07F62 /* Badge.swift */; };
		18745C122C11ABBB00F07F62 /* CategoryRow.swift in Sources */ = {isa = PBXBuildFile; fileRef = 18745C112C11ABBB00F07F62 /* CategoryRow.swift */; };
		18A519252C11B06B0078CCF0 /* CategoryItem.swift in Sources */ = {isa = PBXBuildFile; fileRef = 18A519242C11B06B0078CCF0 /* CategoryItem.swift */; };
		6E2C746B2914EAEA00DFF37A /* LandmarkRow.swift in Sources */ = {isa = PBXBuildFile; fileRef = 6E2C746A2914EAEA00DFF37A /* LandmarkRow.swift */; };
		6E63C1D5290FC46600E08B42 /* SwiftUILearnApp.swift in Sources */ = {isa = PBXBuildFile; fileRef = 6E63C1D4290FC46600E08B42 /* SwiftUILearnApp.swift */; };
		6E63C1D7290FC46600E08B42 /* ContentView.swift in Sources */ = {isa = PBXBuildFile; fileRef = 6E63C1D6290FC46600E08B42 /* ContentView.swift */; };
		6E63C1D9290FC46A00E08B42 /* Assets.xcassets in Resources */ = {isa = PBXBuildFile; fileRef = 6E63C1D8290FC46A00E08B42 /* Assets.xcassets */; };
		6E63C1DC290FC46A00E08B42 /* Preview Assets.xcassets in Resources */ = {isa = PBXBuildFile; fileRef = 6E63C1DB290FC46A00E08B42 /* Preview Assets.xcassets */; };
		6E63C1E3291105E900E08B42 /* CircleImage.swift in Sources */ = {isa = PBXBuildFile; fileRef = 6E63C1E2291105E900E08B42 /* CircleImage.swift */; };
		6E63C1E529110CC300E08B42 /* MapView.swift in Sources */ = {isa = PBXBuildFile; fileRef = 6E63C1E429110CC300E08B42 /* MapView.swift */; };
		6E63C1EF2911197F00E08B42 /* ContentView.swift in Sources */ = {isa = PBXBuildFile; fileRef = 6E63C1EE2911197F00E08B42 /* ContentView.swift */; };
		6E63C1F12911198100E08B42 /* Assets.xcassets in Resources */ = {isa = PBXBuildFile; fileRef = 6E63C1F02911198100E08B42 /* Assets.xcassets */; };
		6E63C1F42911198100E08B42 /* Preview Assets.xcassets in Resources */ = {isa = PBXBuildFile; fileRef = 6E63C1F32911198100E08B42 /* Preview Assets.xcassets */; };
		6E63C20829111AA700E08B42 /* turtlerock.jpg in Resources */ = {isa = PBXBuildFile; fileRef = 6E63C1FB29111AA600E08B42 /* turtlerock.jpg */; };
		6E63C20929111AA700E08B42 /* chincoteague.jpg in Resources */ = {isa = PBXBuildFile; fileRef = 6E63C1FC29111AA600E08B42 /* chincoteague.jpg */; };
		6E63C20A29111AA700E08B42 /* silversalmoncreek.jpg in Resources */ = {isa = PBXBuildFile; fileRef = 6E63C1FD29111AA600E08B42 /* silversalmoncreek.jpg */; };
		6E63C20B29111AA700E08B42 /* stmarylake.jpg in Resources */ = {isa = PBXBuildFile; fileRef = 6E63C1FE29111AA600E08B42 /* stmarylake.jpg */; };
		6E63C20C29111AA700E08B42 /* yukon_charleyrivers.jpg in Resources */ = {isa = PBXBuildFile; fileRef = 6E63C1FF29111AA600E08B42 /* yukon_charleyrivers.jpg */; };
		6E63C20D29111AA700E08B42 /* landmarkData.json in Resources */ = {isa = PBXBuildFile; fileRef = 6E63C20029111AA600E08B42 /* landmarkData.json */; };
		6E63C20E29111AA700E08B42 /* rainbowlake.jpg in Resources */ = {isa = PBXBuildFile; fileRef = 6E63C20129111AA600E08B42 /* rainbowlake.jpg */; };
		6E63C20F29111AA700E08B42 /* hiddenlake.jpg in Resources */ = {isa = PBXBuildFile; fileRef = 6E63C20229111AA600E08B42 /* hiddenlake.jpg */; };
		6E63C21029111AA700E08B42 /* twinlake.jpg in Resources */ = {isa = PBXBuildFile; fileRef = 6E63C20329111AA700E08B42 /* twinlake.jpg */; };
		6E63C21129111AA700E08B42 /* umbagog.jpg in Resources */ = {isa = PBXBuildFile; fileRef = 6E63C20429111AA700E08B42 /* umbagog.jpg */; };
		6E63C21229111AA700E08B42 /* icybay.jpg in Resources */ = {isa = PBXBuildFile; fileRef = 6E63C20529111AA700E08B42 /* icybay.jpg */; };
		6E63C21329111AA700E08B42 /* chilkoottrail.jpg in Resources */ = {isa = PBXBuildFile; fileRef = 6E63C20629111AA700E08B42 /* chilkoottrail.jpg */; };
		6E63C21429111AA700E08B42 /* lakemcdonald.jpg in Resources */ = {isa = PBXBuildFile; fileRef = 6E63C20729111AA700E08B42 /* lakemcdonald.jpg */; };
/* End PBXBuildFile section */

/* Begin PBXFileReference section */
		18461F9A2C071956002F4612 /* Data.swift */ = {isa = PBXFileReference; lastKnownFileType = sourcecode.swift; path = Data.swift; sourceTree = "<group>"; };
		18461F9C2C071972002F4612 /* Landmark.swift */ = {isa = PBXFileReference; lastKnownFileType = sourcecode.swift; path = Landmark.swift; sourceTree = "<group>"; };
		18461F9E2C0723B6002F4612 /* ImageStore.swift */ = {isa = PBXFileReference; lastKnownFileType = sourcecode.swift; path = ImageStore.swift; sourceTree = "<group>"; };
		18461FA02C0764CD002F4612 /* LandmarkList.swift */ = {isa = PBXFileReference; lastKnownFileType = sourcecode.swift; path = LandmarkList.swift; sourceTree = "<group>"; };
		18461FAC2C076CDD002F4612 /* MapView.swift */ = {isa = PBXFileReference; fileEncoding = 4; lastKnownFileType = sourcecode.swift; path = MapView.swift; sourceTree = "<group>"; };
		18461FAD2C076CDD002F4612 /* CircleImage.swift */ = {isa = PBXFileReference; fileEncoding = 4; lastKnownFileType = sourcecode.swift; path = CircleImage.swift; sourceTree = "<group>"; };
		18461FB02C077059002F4612 /* LandmarkDetail.swift */ = {isa = PBXFileReference; lastKnownFileType = sourcecode.swift; path = LandmarkDetail.swift; sourceTree = "<group>"; };
		18461FB42C077E41002F4612 /* AppDelegate.swift */ = {isa = PBXFileReference; lastKnownFileType = sourcecode.swift; path = AppDelegate.swift; sourceTree = "<group>"; };
		18461FB82C0781F8002F4612 /* Info.plist */ = {isa = PBXFileReference; lastKnownFileType = text.plist; path = Info.plist; sourceTree = "<group>"; };
		18461FBD2C081D97002F4612 /* Main.storyboard */ = {isa = PBXFileReference; lastKnownFileType = file.storyboard; path = Main.storyboard; sourceTree = "<group>"; };
		18461FC12C08270D002F4612 /* SceneDelegate.swift */ = {isa = PBXFileReference; lastKnownFileType = sourcecode.swift; path = SceneDelegate.swift; sourceTree = "<group>"; };
		18461FC72C09C479002F4612 /* HandlingUserInput.app */ = {isa = PBXFileReference; explicitFileType = wrapper.application; includeInIndex = 0; path = HandlingUserInput.app; sourceTree = BUILT_PRODUCTS_DIR; };
		18461FC92C09C479002F4612 /* AppDelegate.swift */ = {isa = PBXFileReference; lastKnownFileType = sourcecode.swift; path = AppDelegate.swift; sourceTree = "<group>"; };
		18461FCB2C09C479002F4612 /* SceneDelegate.swift */ = {isa = PBXFileReference; lastKnownFileType = sourcecode.swift; path = SceneDelegate.swift; sourceTree = "<group>"; };
		18461FCD2C09C479002F4612 /* ViewController.swift */ = {isa = PBXFileReference; lastKnownFileType = sourcecode.swift; path = ViewController.swift; sourceTree = "<group>"; };
		18461FD02C09C479002F4612 /* Base */ = {isa = PBXFileReference; lastKnownFileType = file.storyboard; name = Base; path = Base.lproj/Main.storyboard; sourceTree = "<group>"; };
		18461FD22C09C47B002F4612 /* Assets.xcassets */ = {isa = PBXFileReference; lastKnownFileType = folder.assetcatalog; path = Assets.xcassets; sourceTree = "<group>"; };
		18461FD52C09C47B002F4612 /* Base */ = {isa = PBXFileReference; lastKnownFileType = file.storyboard; name = Base; path = Base.lproj/LaunchScreen.storyboard; sourceTree = "<group>"; };
		18461FD72C09C47B002F4612 /* Info.plist */ = {isa = PBXFileReference; lastKnownFileType = text.plist.xml; path = Info.plist; sourceTree = "<group>"; };
		18461FDC2C09C5A0002F4612 /* MapView.swift */ = {isa = PBXFileReference; fileEncoding = 4; lastKnownFileType = sourcecode.swift; path = MapView.swift; sourceTree = "<group>"; };
		18461FDD2C09C5A0002F4612 /* CircleImage.swift */ = {isa = PBXFileReference; fileEncoding = 4; lastKnownFileType = sourcecode.swift; path = CircleImage.swift; sourceTree = "<group>"; };
		18461FDE2C09C5A0002F4612 /* LandmarkList.swift */ = {isa = PBXFileReference; fileEncoding = 4; lastKnownFileType = sourcecode.swift; path = LandmarkList.swift; sourceTree = "<group>"; };
		18461FDF2C09C5A0002F4612 /* LandmarkDetail.swift */ = {isa = PBXFileReference; fileEncoding = 4; lastKnownFileType = sourcecode.swift; path = LandmarkDetail.swift; sourceTree = "<group>"; };
		18461FE02C09C5A0002F4612 /* LandmarkRow.swift */ = {isa = PBXFileReference; fileEncoding = 4; lastKnownFileType = sourcecode.swift; path = LandmarkRow.swift; sourceTree = "<group>"; };
		18461FE12C09C5A0002F4612 /* ContentView.swift */ = {isa = PBXFileReference; fileEncoding = 4; lastKnownFileType = sourcecode.swift; path = ContentView.swift; sourceTree = "<group>"; };
		18461FE42C09C5A0002F4612 /* ImageStore.swift */ = {isa = PBXFileReference; fileEncoding = 4; lastKnownFileType = sourcecode.swift; path = ImageStore.swift; sourceTree = "<group>"; };
		18461FE52C09C5A0002F4612 /* Data.swift */ = {isa = PBXFileReference; fileEncoding = 4; lastKnownFileType = sourcecode.swift; path = Data.swift; sourceTree = "<group>"; };
		18461FE62C09C5A0002F4612 /* Landmark.swift */ = {isa = PBXFileReference; fileEncoding = 4; lastKnownFileType = sourcecode.swift; path = Landmark.swift; sourceTree = "<group>"; };
		18461FE82C09C5A0002F4612 /* turtlerock.jpg */ = {isa = PBXFileReference; lastKnownFileType = image.jpeg; path = turtlerock.jpg; sourceTree = "<group>"; };
		18461FE92C09C5A0002F4612 /* silversalmoncreek.jpg */ = {isa = PBXFileReference; lastKnownFileType = image.jpeg; path = silversalmoncreek.jpg; sourceTree = "<group>"; };
		18461FEA2C09C5A0002F4612 /* icybay.jpg */ = {isa = PBXFileReference; lastKnownFileType = image.jpeg; path = icybay.jpg; sourceTree = "<group>"; };
		18461FEB2C09C5A0002F4612 /* lakemcdonald.jpg */ = {isa = PBXFileReference; lastKnownFileType = image.jpeg; path = lakemcdonald.jpg; sourceTree = "<group>"; };
		18461FEC2C09C5A0002F4612 /* hiddenlake.jpg */ = {isa = PBXFileReference; lastKnownFileType = image.jpeg; path = hiddenlake.jpg; sourceTree = "<group>"; };
		18461FED2C09C5A0002F4612 /* twinlake.jpg */ = {isa = PBXFileReference; lastKnownFileType = image.jpeg; path = twinlake.jpg; sourceTree = "<group>"; };
		18461FEE2C09C5A0002F4612 /* umbagog.jpg */ = {isa = PBXFileReference; lastKnownFileType = image.jpeg; path = umbagog.jpg; sourceTree = "<group>"; };
		18461FEF2C09C5A0002F4612 /* landmarkData.json */ = {isa = PBXFileReference; fileEncoding = 4; lastKnownFileType = text.json; path = landmarkData.json; sourceTree = "<group>"; };
		18461FF02C09C5A0002F4612 /* chincoteague.jpg */ = {isa = PBXFileReference; lastKnownFileType = image.jpeg; path = chincoteague.jpg; sourceTree = "<group>"; };
		18461FF12C09C5A0002F4612 /* yukon_charleyrivers.jpg */ = {isa = PBXFileReference; lastKnownFileType = image.jpeg; path = yukon_charleyrivers.jpg; sourceTree = "<group>"; };
		18461FF22C09C5A0002F4612 /* stmarylake.jpg */ = {isa = PBXFileReference; lastKnownFileType = image.jpeg; path = stmarylake.jpg; sourceTree = "<group>"; };
		18461FF32C09C5A0002F4612 /* chilkoottrail.jpg */ = {isa = PBXFileReference; lastKnownFileType = image.jpeg; path = chilkoottrail.jpg; sourceTree = "<group>"; };
		18461FF42C09C5A0002F4612 /* rainbowlake.jpg */ = {isa = PBXFileReference; lastKnownFileType = image.jpeg; path = rainbowlake.jpg; sourceTree = "<group>"; };
		1846200C2C0BE973002F4612 /* UserData.swift */ = {isa = PBXFileReference; lastKnownFileType = sourcecode.swift; path = UserData.swift; sourceTree = "<group>"; };
		18745B202C0EBEC500F07F62 /* DrawPathsAndShapes.app */ = {isa = PBXFileReference; explicitFileType = wrapper.application; includeInIndex = 0; path = DrawPathsAndShapes.app; sourceTree = BUILT_PRODUCTS_DIR; };
		18745B222C0EBEC500F07F62 /* DrawPathsAndShapesApp.swift */ = {isa = PBXFileReference; lastKnownFileType = sourcecode.swift; path = DrawPathsAndShapesApp.swift; sourceTree = "<group>"; };
		18745B242C0EBEC500F07F62 /* ContentView.swift */ = {isa = PBXFileReference; lastKnownFileType = sourcecode.swift; path = ContentView.swift; sourceTree = "<group>"; };
		18745B262C0EBEC600F07F62 /* Assets.xcassets */ = {isa = PBXFileReference; lastKnownFileType = folder.assetcatalog; path = Assets.xcassets; sourceTree = "<group>"; };
		18745B292C0EBEC600F07F62 /* Preview Assets.xcassets */ = {isa = PBXFileReference; lastKnownFileType = folder.assetcatalog; path = "Preview Assets.xcassets"; sourceTree = "<group>"; };
		18745B2E2C0EBF9D00F07F62 /* Badge.swift */ = {isa = PBXFileReference; lastKnownFileType = sourcecode.swift; path = Badge.swift; sourceTree = "<group>"; };
		18745B302C0EC03E00F07F62 /* HexagonParameters.swift */ = {isa = PBXFileReference; fileEncoding = 4; lastKnownFileType = sourcecode.swift; path = HexagonParameters.swift; sourceTree = "<group>"; };
		18745B322C0EE8E400F07F62 /* BadgeBackground.swift */ = {isa = PBXFileReference; lastKnownFileType = sourcecode.swift; path = BadgeBackground.swift; sourceTree = "<group>"; };
		18745B342C0EEC4100F07F62 /* BadgeSymbol.swift */ = {isa = PBXFileReference; lastKnownFileType = sourcecode.swift; path = BadgeSymbol.swift; sourceTree = "<group>"; };
		18745B362C0EF05D00F07F62 /* RotatedBadgeSymbol.swift */ = {isa = PBXFileReference; lastKnownFileType = sourcecode.swift; path = RotatedBadgeSymbol.swift; sourceTree = "<group>"; };
		18745B3C2C0EFD5E00F07F62 /* AnimatingViewsAndTransitions.app */ = {isa = PBXFileReference; explicitFileType = wrapper.application; includeInIndex = 0; path = AnimatingViewsAndTransitions.app; sourceTree = BUILT_PRODUCTS_DIR; };
		18745B3E2C0EFD5E00F07F62 /* AnimatingViewsAndTransitionsApp.swift */ = {isa = PBXFileReference; lastKnownFileType = sourcecode.swift; path = AnimatingViewsAndTransitionsApp.swift; sourceTree = "<group>"; };
		18745B402C0EFD5E00F07F62 /* ContentView.swift */ = {isa = PBXFileReference; lastKnownFileType = sourcecode.swift; path = ContentView.swift; sourceTree = "<group>"; };
		18745B422C0EFD5F00F07F62 /* Assets.xcassets */ = {isa = PBXFileReference; lastKnownFileType = folder.assetcatalog; path = Assets.xcassets; sourceTree = "<group>"; };
		18745B452C0EFD5F00F07F62 /* Preview Assets.xcassets */ = {isa = PBXFileReference; lastKnownFileType = folder.assetcatalog; path = "Preview Assets.xcassets"; sourceTree = "<group>"; };
		18745B822C10895900F07F62 /* GraphCapsule.swift */ = {isa = PBXFileReference; fileEncoding = 4; lastKnownFileType = sourcecode.swift; path = GraphCapsule.swift; sourceTree = "<group>"; };
		18745B832C10895900F07F62 /* HikeGraph.swift */ = {isa = PBXFileReference; fileEncoding = 4; lastKnownFileType = sourcecode.swift; path = HikeGraph.swift; sourceTree = "<group>"; };
		18745B842C10895900F07F62 /* HikeDetail.swift */ = {isa = PBXFileReference; fileEncoding = 4; lastKnownFileType = sourcecode.swift; path = HikeDetail.swift; sourceTree = "<group>"; };
		18745B852C10895900F07F62 /* HikeView.swift */ = {isa = PBXFileReference; fileEncoding = 4; lastKnownFileType = sourcecode.swift; path = HikeView.swift; sourceTree = "<group>"; };
		18745B8B2C10899000F07F62 /* Hike.swift */ = {isa = PBXFileReference; lastKnownFileType = sourcecode.swift; path = Hike.swift; sourceTree = "<group>"; };
		18745B952C108B0300F07F62 /* ModelData.swift */ = {isa = PBXFileReference; lastKnownFileType = sourcecode.swift; path = ModelData.swift; sourceTree = "<group>"; };
		18745B972C108B6900F07F62 /* hikeData.json */ = {isa = PBXFileReference; fileEncoding = 4; lastKnownFileType = text.json; path = hikeData.json; sourceTree = "<group>"; };
		18745B9D2C118E0F00F07F62 /* ComposingComplexInterfaces.app */ = {isa = PBXFileReference; explicitFileType = wrapper.application; includeInIndex = 0; path = ComposingComplexInterfaces.app; sourceTree = BUILT_PRODUCTS_DIR; };
		18745B9F2C118E0F00F07F62 /* ComposingComplexInterfacesApp.swift */ = {isa = PBXFileReference; lastKnownFileType = sourcecode.swift; path = ComposingComplexInterfacesApp.swift; sourceTree = "<group>"; };
		18745BA12C118E0F00F07F62 /* ContentView.swift */ = {isa = PBXFileReference; lastKnownFileType = sourcecode.swift; path = ContentView.swift; sourceTree = "<group>"; };
		18745BA32C118E1000F07F62 /* Assets.xcassets */ = {isa = PBXFileReference; lastKnownFileType = folder.assetcatalog; path = Assets.xcassets; sourceTree = "<group>"; };
		18745BA62C118E1000F07F62 /* Preview Assets.xcassets */ = {isa = PBXFileReference; lastKnownFileType = folder.assetcatalog; path = "Preview Assets.xcassets"; sourceTree = "<group>"; };
		18745BAB2C118E3100F07F62 /* CategoryHome.swift */ = {isa = PBXFileReference; lastKnownFileType = sourcecode.swift; path = CategoryHome.swift; sourceTree = "<group>"; };
		18745BE12C1199CF00F07F62 /* hikeData.json */ = {isa = PBXFileReference; fileEncoding = 4; lastKnownFileType = text.json; path = hikeData.json; sourceTree = "<group>"; };
		18745BE22C1199CF00F07F62 /* landmarkData.json */ = {isa = PBXFileReference; fileEncoding = 4; lastKnownFileType = text.json; path = landmarkData.json; sourceTree = "<group>"; };
		18745BE42C1199CF00F07F62 /* Hike.swift */ = {isa = PBXFileReference; fileEncoding = 4; lastKnownFileType = sourcecode.swift; path = Hike.swift; sourceTree = "<group>"; };
		18745BE52C1199CF00F07F62 /* ModelData.swift */ = {isa = PBXFileReference; fileEncoding = 4; lastKnownFileType = sourcecode.swift; path = ModelData.swift; sourceTree = "<group>"; };
		18745BE62C1199CF00F07F62 /* Landmark.swift */ = {isa = PBXFileReference; fileEncoding = 4; lastKnownFileType = sourcecode.swift; path = Landmark.swift; sourceTree = "<group>"; };
		18745BE92C1199CF00F07F62 /* GraphCapsule.swift */ = {isa = PBXFileReference; fileEncoding = 4; lastKnownFileType = sourcecode.swift; path = GraphCapsule.swift; sourceTree = "<group>"; };
		18745BEA2C1199CF00F07F62 /* HikeGraph.swift */ = {isa = PBXFileReference; fileEncoding = 4; lastKnownFileType = sourcecode.swift; path = HikeGraph.swift; sourceTree = "<group>"; };
		18745BEB2C1199CF00F07F62 /* HikeDetail.swift */ = {isa = PBXFileReference; fileEncoding = 4; lastKnownFileType = sourcecode.swift; path = HikeDetail.swift; sourceTree = "<group>"; };
		18745BEC2C1199CF00F07F62 /* HikeView.swift */ = {isa = PBXFileReference; fileEncoding = 4; lastKnownFileType = sourcecode.swift; path = HikeView.swift; sourceTree = "<group>"; };
		18745BEE2C1199CF00F07F62 /* LandmarkList.swift */ = {isa = PBXFileReference; fileEncoding = 4; lastKnownFileType = sourcecode.swift; path = LandmarkList.swift; sourceTree = "<group>"; };
		18745BEF2C1199CF00F07F62 /* LandmarkDetail.swift */ = {isa = PBXFileReference; fileEncoding = 4; lastKnownFileType = sourcecode.swift; path = LandmarkDetail.swift; sourceTree = "<group>"; };
		18745BF02C1199CF00F07F62 /* LandmarkRow.swift */ = {isa = PBXFileReference; fileEncoding = 4; lastKnownFileType = sourcecode.swift; path = LandmarkRow.swift; sourceTree = "<group>"; };
		18745BF32C1199CF00F07F62 /* MapView.swift */ = {isa = PBXFileReference; fileEncoding = 4; lastKnownFileType = sourcecode.swift; path = MapView.swift; sourceTree = "<group>"; };
		18745BF42C1199CF00F07F62 /* CircleImage.swift */ = {isa = PBXFileReference; fileEncoding = 4; lastKnownFileType = sourcecode.swift; path = CircleImage.swift; sourceTree = "<group>"; };
		18745BF52C1199CF00F07F62 /* FavoriteButton.swift */ = {isa = PBXFileReference; fileEncoding = 4; lastKnownFileType = sourcecode.swift; path = FavoriteButton.swift; sourceTree = "<group>"; };
		18745BF72C1199CF00F07F62 /* RotatedBadgeSymbol.swift */ = {isa = PBXFileReference; fileEncoding = 4; lastKnownFileType = sourcecode.swift; path = RotatedBadgeSymbol.swift; sourceTree = "<group>"; };
		18745BF82C1199CF00F07F62 /* HexagonParameters.swift */ = {isa = PBXFileReference; fileEncoding = 4; lastKnownFileType = sourcecode.swift; path = HexagonParameters.swift; sourceTree = "<group>"; };
		18745BF92C1199CF00F07F62 /* BadgeSymbol.swift */ = {isa = PBXFileReference; fileEncoding = 4; lastKnownFileType = sourcecode.swift; path = BadgeSymbol.swift; sourceTree = "<group>"; };
		18745BFA2C1199CF00F07F62 /* BadgeBackground.swift */ = {isa = PBXFileReference; fileEncoding = 4; lastKnownFileType = sourcecode.swift; path = BadgeBackground.swift; sourceTree = "<group>"; };
		18745BFB2C1199CF00F07F62 /* Badge.swift */ = {isa = PBXFileReference; fileEncoding = 4; lastKnownFileType = sourcecode.swift; path = Badge.swift; sourceTree = "<group>"; };
		18745C112C11ABBB00F07F62 /* CategoryRow.swift */ = {isa = PBXFileReference; lastKnownFileType = sourcecode.swift; path = CategoryRow.swift; sourceTree = "<group>"; };
		18A519242C11B06B0078CCF0 /* CategoryItem.swift */ = {isa = PBXFileReference; lastKnownFileType = sourcecode.swift; path = CategoryItem.swift; sourceTree = "<group>"; };
		6E2C746A2914EAEA00DFF37A /* LandmarkRow.swift */ = {isa = PBXFileReference; lastKnownFileType = sourcecode.swift; path = LandmarkRow.swift; sourceTree = "<group>"; };
		6E63C1D1290FC46600E08B42 /* SwiftUILearn.app */ = {isa = PBXFileReference; explicitFileType = wrapper.application; includeInIndex = 0; path = SwiftUILearn.app; sourceTree = BUILT_PRODUCTS_DIR; };
		6E63C1D4290FC46600E08B42 /* SwiftUILearnApp.swift */ = {isa = PBXFileReference; lastKnownFileType = sourcecode.swift; path = SwiftUILearnApp.swift; sourceTree = "<group>"; };
		6E63C1D6290FC46600E08B42 /* ContentView.swift */ = {isa = PBXFileReference; lastKnownFileType = sourcecode.swift; path = ContentView.swift; sourceTree = "<group>"; };
		6E63C1D8290FC46A00E08B42 /* Assets.xcassets */ = {isa = PBXFileReference; lastKnownFileType = folder.assetcatalog; path = Assets.xcassets; sourceTree = "<group>"; };
		6E63C1DB290FC46A00E08B42 /* Preview Assets.xcassets */ = {isa = PBXFileReference; lastKnownFileType = folder.assetcatalog; path = "Preview Assets.xcassets"; sourceTree = "<group>"; };
		6E63C1E2291105E900E08B42 /* CircleImage.swift */ = {isa = PBXFileReference; lastKnownFileType = sourcecode.swift; path = CircleImage.swift; sourceTree = "<group>"; };
		6E63C1E429110CC300E08B42 /* MapView.swift */ = {isa = PBXFileReference; lastKnownFileType = sourcecode.swift; path = MapView.swift; sourceTree = "<group>"; };
		6E63C1EA2911197F00E08B42 /* ListsAndNavigation.app */ = {isa = PBXFileReference; explicitFileType = wrapper.application; includeInIndex = 0; path = ListsAndNavigation.app; sourceTree = BUILT_PRODUCTS_DIR; };
		6E63C1EE2911197F00E08B42 /* ContentView.swift */ = {isa = PBXFileReference; lastKnownFileType = sourcecode.swift; path = ContentView.swift; sourceTree = "<group>"; };
		6E63C1F02911198100E08B42 /* Assets.xcassets */ = {isa = PBXFileReference; lastKnownFileType = folder.assetcatalog; path = Assets.xcassets; sourceTree = "<group>"; };
		6E63C1F32911198100E08B42 /* Preview Assets.xcassets */ = {isa = PBXFileReference; lastKnownFileType = folder.assetcatalog; path = "Preview Assets.xcassets"; sourceTree = "<group>"; };
		6E63C1FB29111AA600E08B42 /* turtlerock.jpg */ = {isa = PBXFileReference; lastKnownFileType = image.jpeg; path = turtlerock.jpg; sourceTree = "<group>"; };
		6E63C1FC29111AA600E08B42 /* chincoteague.jpg */ = {isa = PBXFileReference; lastKnownFileType = image.jpeg; path = chincoteague.jpg; sourceTree = "<group>"; };
		6E63C1FD29111AA600E08B42 /* silversalmoncreek.jpg */ = {isa = PBXFileReference; lastKnownFileType = image.jpeg; path = silversalmoncreek.jpg; sourceTree = "<group>"; };
		6E63C1FE29111AA600E08B42 /* stmarylake.jpg */ = {isa = PBXFileReference; lastKnownFileType = image.jpeg; path = stmarylake.jpg; sourceTree = "<group>"; };
		6E63C1FF29111AA600E08B42 /* yukon_charleyrivers.jpg */ = {isa = PBXFileReference; lastKnownFileType = image.jpeg; path = yukon_charleyrivers.jpg; sourceTree = "<group>"; };
		6E63C20029111AA600E08B42 /* landmarkData.json */ = {isa = PBXFileReference; fileEncoding = 4; lastKnownFileType = text.json; path = landmarkData.json; sourceTree = "<group>"; };
		6E63C20129111AA600E08B42 /* rainbowlake.jpg */ = {isa = PBXFileReference; lastKnownFileType = image.jpeg; path = rainbowlake.jpg; sourceTree = "<group>"; };
		6E63C20229111AA600E08B42 /* hiddenlake.jpg */ = {isa = PBXFileReference; lastKnownFileType = image.jpeg; path = hiddenlake.jpg; sourceTree = "<group>"; };
		6E63C20329111AA700E08B42 /* twinlake.jpg */ = {isa = PBXFileReference; lastKnownFileType = image.jpeg; path = twinlake.jpg; sourceTree = "<group>"; };
		6E63C20429111AA700E08B42 /* umbagog.jpg */ = {isa = PBXFileReference; lastKnownFileType = image.jpeg; path = umbagog.jpg; sourceTree = "<group>"; };
		6E63C20529111AA700E08B42 /* icybay.jpg */ = {isa = PBXFileReference; lastKnownFileType = image.jpeg; path = icybay.jpg; sourceTree = "<group>"; };
		6E63C20629111AA700E08B42 /* chilkoottrail.jpg */ = {isa = PBXFileReference; lastKnownFileType = image.jpeg; path = chilkoottrail.jpg; sourceTree = "<group>"; };
		6E63C20729111AA700E08B42 /* lakemcdonald.jpg */ = {isa = PBXFileReference; lastKnownFileType = image.jpeg; path = lakemcdonald.jpg; sourceTree = "<group>"; };
/* End PBXFileReference section */

/* Begin PBXFrameworksBuildPhase section */
		18461FC42C09C479002F4612 /* Frameworks */ = {
			isa = PBXFrameworksBuildPhase;
			buildActionMask = 2147483647;
			files = (
			);
			runOnlyForDeploymentPostprocessing = 0;
		};
		18745B1D2C0EBEC500F07F62 /* Frameworks */ = {
			isa = PBXFrameworksBuildPhase;
			buildActionMask = 2147483647;
			files = (
			);
			runOnlyForDeploymentPostprocessing = 0;
		};
		18745B392C0EFD5E00F07F62 /* Frameworks */ = {
			isa = PBXFrameworksBuildPhase;
			buildActionMask = 2147483647;
			files = (
			);
			runOnlyForDeploymentPostprocessing = 0;
		};
		18745B9A2C118E0E00F07F62 /* Frameworks */ = {
			isa = PBXFrameworksBuildPhase;
			buildActionMask = 2147483647;
			files = (
			);
			runOnlyForDeploymentPostprocessing = 0;
		};
		6E63C1CE290FC46600E08B42 /* Frameworks */ = {
			isa = PBXFrameworksBuildPhase;
			buildActionMask = 2147483647;
			files = (
			);
			runOnlyForDeploymentPostprocessing = 0;
		};
		6E63C1E72911197F00E08B42 /* Frameworks */ = {
			isa = PBXFrameworksBuildPhase;
			buildActionMask = 2147483647;
			files = (
			);
			runOnlyForDeploymentPostprocessing = 0;
		};
/* End PBXFrameworksBuildPhase section */

/* Begin PBXGroup section */
		18461FC82C09C479002F4612 /* HandlingUserInput */ = {
			isa = PBXGroup;
			children = (
				18461FC92C09C479002F4612 /* AppDelegate.swift */,
				18461FCB2C09C479002F4612 /* SceneDelegate.swift */,
				18461FCD2C09C479002F4612 /* ViewController.swift */,
				18461FCF2C09C479002F4612 /* Main.storyboard */,
				18461FD22C09C47B002F4612 /* Assets.xcassets */,
				18461FD42C09C47B002F4612 /* LaunchScreen.storyboard */,
				18461FD72C09C47B002F4612 /* Info.plist */,
				18461FE32C09C5A0002F4612 /* Model */,
				18461FE72C09C5A0002F4612 /* Source */,
				18461FDB2C09C5A0002F4612 /* View */,
			);
			path = HandlingUserInput;
			sourceTree = "<group>";
		};
		18461FDB2C09C5A0002F4612 /* View */ = {
			isa = PBXGroup;
			children = (
				18461FDC2C09C5A0002F4612 /* MapView.swift */,
				18461FDD2C09C5A0002F4612 /* CircleImage.swift */,
				18461FDF2C09C5A0002F4612 /* LandmarkDetail.swift */,
				18461FE02C09C5A0002F4612 /* LandmarkRow.swift */,
				18461FDE2C09C5A0002F4612 /* LandmarkList.swift */,
				18461FE12C09C5A0002F4612 /* ContentView.swift */,
			);
			path = View;
			sourceTree = "<group>";
		};
		18461FE32C09C5A0002F4612 /* Model */ = {
			isa = PBXGroup;
			children = (
				18461FE42C09C5A0002F4612 /* ImageStore.swift */,
				18461FE52C09C5A0002F4612 /* Data.swift */,
				18461FE62C09C5A0002F4612 /* Landmark.swift */,
				1846200C2C0BE973002F4612 /* UserData.swift */,
			);
			path = Model;
			sourceTree = "<group>";
		};
		18461FE72C09C5A0002F4612 /* Source */ = {
			isa = PBXGroup;
			children = (
				18461FE82C09C5A0002F4612 /* turtlerock.jpg */,
				18461FE92C09C5A0002F4612 /* silversalmoncreek.jpg */,
				18461FEA2C09C5A0002F4612 /* icybay.jpg */,
				18461FEB2C09C5A0002F4612 /* lakemcdonald.jpg */,
				18461FEC2C09C5A0002F4612 /* hiddenlake.jpg */,
				18461FED2C09C5A0002F4612 /* twinlake.jpg */,
				18461FEE2C09C5A0002F4612 /* umbagog.jpg */,
				18461FEF2C09C5A0002F4612 /* landmarkData.json */,
				18461FF02C09C5A0002F4612 /* chincoteague.jpg */,
				18461FF12C09C5A0002F4612 /* yukon_charleyrivers.jpg */,
				18461FF22C09C5A0002F4612 /* stmarylake.jpg */,
				18461FF32C09C5A0002F4612 /* chilkoottrail.jpg */,
				18461FF42C09C5A0002F4612 /* rainbowlake.jpg */,
			);
			path = Source;
			sourceTree = "<group>";
		};
		18745B212C0EBEC500F07F62 /* DrawPathsAndShapes */ = {
			isa = PBXGroup;
			children = (
				18745B222C0EBEC500F07F62 /* DrawPathsAndShapesApp.swift */,
				18745B242C0EBEC500F07F62 /* ContentView.swift */,
				18745B302C0EC03E00F07F62 /* HexagonParameters.swift */,
				18745B2E2C0EBF9D00F07F62 /* Badge.swift */,
				18745B342C0EEC4100F07F62 /* BadgeSymbol.swift */,
				18745B362C0EF05D00F07F62 /* RotatedBadgeSymbol.swift */,
				18745B322C0EE8E400F07F62 /* BadgeBackground.swift */,
				18745B262C0EBEC600F07F62 /* Assets.xcassets */,
				18745B282C0EBEC600F07F62 /* Preview Content */,
			);
			path = DrawPathsAndShapes;
			sourceTree = "<group>";
		};
		18745B282C0EBEC600F07F62 /* Preview Content */ = {
			isa = PBXGroup;
			children = (
				18745B292C0EBEC600F07F62 /* Preview Assets.xcassets */,
			);
			path = "Preview Content";
			sourceTree = "<group>";
		};
		18745B3D2C0EFD5E00F07F62 /* AnimatingViewsAndTransitions */ = {
			isa = PBXGroup;
			children = (
				18745B3E2C0EFD5E00F07F62 /* AnimatingViewsAndTransitionsApp.swift */,
				18745B972C108B6900F07F62 /* hikeData.json */,
				18745B8B2C10899000F07F62 /* Hike.swift */,
				18745B952C108B0300F07F62 /* ModelData.swift */,
				18745B812C10895900F07F62 /* Hikes */,
				18745B402C0EFD5E00F07F62 /* ContentView.swift */,
				18745B422C0EFD5F00F07F62 /* Assets.xcassets */,
				18745B442C0EFD5F00F07F62 /* Preview Content */,
			);
			path = AnimatingViewsAndTransitions;
			sourceTree = "<group>";
		};
		18745B442C0EFD5F00F07F62 /* Preview Content */ = {
			isa = PBXGroup;
			children = (
				18745B452C0EFD5F00F07F62 /* Preview Assets.xcassets */,
			);
			path = "Preview Content";
			sourceTree = "<group>";
		};
		18745B812C10895900F07F62 /* Hikes */ = {
			isa = PBXGroup;
			children = (
				18745B822C10895900F07F62 /* GraphCapsule.swift */,
				18745B832C10895900F07F62 /* HikeGraph.swift */,
				18745B842C10895900F07F62 /* HikeDetail.swift */,
				18745B852C10895900F07F62 /* HikeView.swift */,
			);
			path = Hikes;
			sourceTree = "<group>";
		};
		18745B9E2C118E0F00F07F62 /* ComposingComplexInterfaces */ = {
			isa = PBXGroup;
			children = (
				18745B9F2C118E0F00F07F62 /* ComposingComplexInterfacesApp.swift */,
				18745BE32C1199CF00F07F62 /* Model */,
				18745BE02C1199CF00F07F62 /* Resources */,
				18745BE72C1199CF00F07F62 /* Views */,
				18745BA12C118E0F00F07F62 /* ContentView.swift */,
				18745BAB2C118E3100F07F62 /* CategoryHome.swift */,
				18745C112C11ABBB00F07F62 /* CategoryRow.swift */,
				18A519242C11B06B0078CCF0 /* CategoryItem.swift */,
				18745BA32C118E1000F07F62 /* Assets.xcassets */,
				18745BA52C118E1000F07F62 /* Preview Content */,
			);
			path = ComposingComplexInterfaces;
			sourceTree = "<group>";
		};
		18745BA52C118E1000F07F62 /* Preview Content */ = {
			isa = PBXGroup;
			children = (
				18745BA62C118E1000F07F62 /* Preview Assets.xcassets */,
			);
			path = "Preview Content";
			sourceTree = "<group>";
		};
		18745BE02C1199CF00F07F62 /* Resources */ = {
			isa = PBXGroup;
			children = (
				18745BE12C1199CF00F07F62 /* hikeData.json */,
				18745BE22C1199CF00F07F62 /* landmarkData.json */,
			);
			path = Resources;
			sourceTree = "<group>";
		};
		18745BE32C1199CF00F07F62 /* Model */ = {
			isa = PBXGroup;
			children = (
				18745BE42C1199CF00F07F62 /* Hike.swift */,
				18745BE52C1199CF00F07F62 /* ModelData.swift */,
				18745BE62C1199CF00F07F62 /* Landmark.swift */,
			);
			path = Model;
			sourceTree = "<group>";
		};
		18745BE72C1199CF00F07F62 /* Views */ = {
			isa = PBXGroup;
			children = (
				18745BE82C1199CF00F07F62 /* Hikes */,
				18745BED2C1199CF00F07F62 /* Landmarks */,
				18745BF22C1199CF00F07F62 /* Helpers */,
				18745BF62C1199CF00F07F62 /* Badges */,
			);
			path = Views;
			sourceTree = "<group>";
		};
		18745BE82C1199CF00F07F62 /* Hikes */ = {
			isa = PBXGroup;
			children = (
				18745BE92C1199CF00F07F62 /* GraphCapsule.swift */,
				18745BEA2C1199CF00F07F62 /* HikeGraph.swift */,
				18745BEB2C1199CF00F07F62 /* HikeDetail.swift */,
				18745BEC2C1199CF00F07F62 /* HikeView.swift */,
			);
			path = Hikes;
			sourceTree = "<group>";
		};
		18745BED2C1199CF00F07F62 /* Landmarks */ = {
			isa = PBXGroup;
			children = (
				18745BEE2C1199CF00F07F62 /* LandmarkList.swift */,
				18745BEF2C1199CF00F07F62 /* LandmarkDetail.swift */,
				18745BF02C1199CF00F07F62 /* LandmarkRow.swift */,
			);
			path = Landmarks;
			sourceTree = "<group>";
		};
		18745BF22C1199CF00F07F62 /* Helpers */ = {
			isa = PBXGroup;
			children = (
				18745BF32C1199CF00F07F62 /* MapView.swift */,
				18745BF42C1199CF00F07F62 /* CircleImage.swift */,
				18745BF52C1199CF00F07F62 /* FavoriteButton.swift */,
			);
			path = Helpers;
			sourceTree = "<group>";
		};
		18745BF62C1199CF00F07F62 /* Badges */ = {
			isa = PBXGroup;
			children = (
				18745BF72C1199CF00F07F62 /* RotatedBadgeSymbol.swift */,
				18745BF82C1199CF00F07F62 /* HexagonParameters.swift */,
				18745BF92C1199CF00F07F62 /* BadgeSymbol.swift */,
				18745BFA2C1199CF00F07F62 /* BadgeBackground.swift */,
				18745BFB2C1199CF00F07F62 /* Badge.swift */,
			);
			path = Badges;
			sourceTree = "<group>";
		};
		6E63C1C8290FC46500E08B42 = {
			isa = PBXGroup;
			children = (
				6E63C1D3290FC46600E08B42 /* SwiftUILearn */,
				6E63C1EB2911197F00E08B42 /* ListsAndNavigation */,
				18461FC82C09C479002F4612 /* HandlingUserInput */,
				18745B212C0EBEC500F07F62 /* DrawPathsAndShapes */,
				18745B3D2C0EFD5E00F07F62 /* AnimatingViewsAndTransitions */,
				18745B9E2C118E0F00F07F62 /* ComposingComplexInterfaces */,
				6E63C1D2290FC46600E08B42 /* Products */,
			);
			sourceTree = "<group>";
		};
		6E63C1D2290FC46600E08B42 /* Products */ = {
			isa = PBXGroup;
			children = (
				6E63C1D1290FC46600E08B42 /* SwiftUILearn.app */,
				6E63C1EA2911197F00E08B42 /* ListsAndNavigation.app */,
				18461FC72C09C479002F4612 /* HandlingUserInput.app */,
				18745B202C0EBEC500F07F62 /* DrawPathsAndShapes.app */,
				18745B3C2C0EFD5E00F07F62 /* AnimatingViewsAndTransitions.app */,
				18745B9D2C118E0F00F07F62 /* ComposingComplexInterfaces.app */,
			);
			name = Products;
			sourceTree = "<group>";
		};
		6E63C1D3290FC46600E08B42 /* SwiftUILearn */ = {
			isa = PBXGroup;
			children = (
				6E63C1D4290FC46600E08B42 /* SwiftUILearnApp.swift */,
				6E63C1D6290FC46600E08B42 /* ContentView.swift */,
				6E63C1E2291105E900E08B42 /* CircleImage.swift */,
				6E63C1E429110CC300E08B42 /* MapView.swift */,
				6E63C1D8290FC46A00E08B42 /* Assets.xcassets */,
				6E63C1DA290FC46A00E08B42 /* Preview Content */,
			);
			path = SwiftUILearn;
			sourceTree = "<group>";
		};
		6E63C1DA290FC46A00E08B42 /* Preview Content */ = {
			isa = PBXGroup;
			children = (
				6E63C1DB290FC46A00E08B42 /* Preview Assets.xcassets */,
			);
			path = "Preview Content";
			sourceTree = "<group>";
		};
		6E63C1EB2911197F00E08B42 /* ListsAndNavigation */ = {
			isa = PBXGroup;
			children = (
				18461FB42C077E41002F4612 /* AppDelegate.swift */,
				18461FC12C08270D002F4612 /* SceneDelegate.swift */,
				18461FBD2C081D97002F4612 /* Main.storyboard */,
				6E63C1F02911198100E08B42 /* Assets.xcassets */,
				18461FB82C0781F8002F4612 /* Info.plist */,
				6E63C1F9291119C100E08B42 /* Model */,
				6E63C1FA291119C100E08B42 /* Source */,
				6E63C1F8291119C100E08B42 /* View */,
				6E63C1F22911198100E08B42 /* Preview Content */,
			);
			path = ListsAndNavigation;
			sourceTree = "<group>";
		};
		6E63C1F22911198100E08B42 /* Preview Content */ = {
			isa = PBXGroup;
			children = (
				6E63C1F32911198100E08B42 /* Preview Assets.xcassets */,
			);
			path = "Preview Content";
			sourceTree = "<group>";
		};
		6E63C1F8291119C100E08B42 /* View */ = {
			isa = PBXGroup;
			children = (
				6E63C1EE2911197F00E08B42 /* ContentView.swift */,
				18461FAD2C076CDD002F4612 /* CircleImage.swift */,
				18461FAC2C076CDD002F4612 /* MapView.swift */,
				18461FB02C077059002F4612 /* LandmarkDetail.swift */,
				6E2C746A2914EAEA00DFF37A /* LandmarkRow.swift */,
				18461FA02C0764CD002F4612 /* LandmarkList.swift */,
			);
			path = View;
			sourceTree = "<group>";
		};
		6E63C1F9291119C100E08B42 /* Model */ = {
			isa = PBXGroup;
			children = (
				18461F9A2C071956002F4612 /* Data.swift */,
				18461F9C2C071972002F4612 /* Landmark.swift */,
				18461F9E2C0723B6002F4612 /* ImageStore.swift */,
			);
			path = Model;
			sourceTree = "<group>";
		};
		6E63C1FA291119C100E08B42 /* Source */ = {
			isa = PBXGroup;
			children = (
				6E63C20629111AA700E08B42 /* chilkoottrail.jpg */,
				6E63C1FC29111AA600E08B42 /* chincoteague.jpg */,
				6E63C20229111AA600E08B42 /* hiddenlake.jpg */,
				6E63C20529111AA700E08B42 /* icybay.jpg */,
				6E63C20729111AA700E08B42 /* lakemcdonald.jpg */,
				6E63C20029111AA600E08B42 /* landmarkData.json */,
				6E63C20129111AA600E08B42 /* rainbowlake.jpg */,
				6E63C1FD29111AA600E08B42 /* silversalmoncreek.jpg */,
				6E63C1FE29111AA600E08B42 /* stmarylake.jpg */,
				6E63C1FB29111AA600E08B42 /* turtlerock.jpg */,
				6E63C20329111AA700E08B42 /* twinlake.jpg */,
				6E63C20429111AA700E08B42 /* umbagog.jpg */,
				6E63C1FF29111AA600E08B42 /* yukon_charleyrivers.jpg */,
			);
			path = Source;
			sourceTree = "<group>";
		};
/* End PBXGroup section */

/* Begin PBXNativeTarget section */
		18461FC62C09C479002F4612 /* HandlingUserInput */ = {
			isa = PBXNativeTarget;
			buildConfigurationList = 18461FDA2C09C47B002F4612 /* Build configuration list for PBXNativeTarget "HandlingUserInput" */;
			buildPhases = (
				18461FC32C09C479002F4612 /* Sources */,
				18461FC42C09C479002F4612 /* Frameworks */,
				18461FC52C09C479002F4612 /* Resources */,
			);
			buildRules = (
			);
			dependencies = (
			);
			name = HandlingUserInput;
			productName = HandlingUserInput;
			productReference = 18461FC72C09C479002F4612 /* HandlingUserInput.app */;
			productType = "com.apple.product-type.application";
		};
		18745B1F2C0EBEC500F07F62 /* DrawPathsAndShapes */ = {
			isa = PBXNativeTarget;
			buildConfigurationList = 18745B2B2C0EBEC600F07F62 /* Build configuration list for PBXNativeTarget "DrawPathsAndShapes" */;
			buildPhases = (
				18745B1C2C0EBEC500F07F62 /* Sources */,
				18745B1D2C0EBEC500F07F62 /* Frameworks */,
				18745B1E2C0EBEC500F07F62 /* Resources */,
			);
			buildRules = (
			);
			dependencies = (
			);
			name = DrawPathsAndShapes;
			productName = DrawPathsAndShapes;
			productReference = 18745B202C0EBEC500F07F62 /* DrawPathsAndShapes.app */;
			productType = "com.apple.product-type.application";
		};
		18745B3B2C0EFD5E00F07F62 /* AnimatingViewsAndTransitions */ = {
			isa = PBXNativeTarget;
			buildConfigurationList = 18745B472C0EFD5F00F07F62 /* Build configuration list for PBXNativeTarget "AnimatingViewsAndTransitions" */;
			buildPhases = (
				18745B382C0EFD5E00F07F62 /* Sources */,
				18745B392C0EFD5E00F07F62 /* Frameworks */,
				18745B3A2C0EFD5E00F07F62 /* Resources */,
			);
			buildRules = (
			);
			dependencies = (
			);
			name = AnimatingViewsAndTransitions;
			productName = AnimatingViewsAndTransitions;
			productReference = 18745B3C2C0EFD5E00F07F62 /* AnimatingViewsAndTransitions.app */;
			productType = "com.apple.product-type.application";
		};
		18745B9C2C118E0E00F07F62 /* ComposingComplexInterfaces */ = {
			isa = PBXNativeTarget;
			buildConfigurationList = 18745BA82C118E1000F07F62 /* Build configuration list for PBXNativeTarget "ComposingComplexInterfaces" */;
			buildPhases = (
				18745B992C118E0E00F07F62 /* Sources */,
				18745B9A2C118E0E00F07F62 /* Frameworks */,
				18745B9B2C118E0E00F07F62 /* Resources */,
			);
			buildRules = (
			);
			dependencies = (
			);
			name = ComposingComplexInterfaces;
			productName = ComposingComplexInterfaces;
			productReference = 18745B9D2C118E0F00F07F62 /* ComposingComplexInterfaces.app */;
			productType = "com.apple.product-type.application";
		};
		6E63C1D0290FC46600E08B42 /* SwiftUILearn */ = {
			isa = PBXNativeTarget;
			buildConfigurationList = 6E63C1DF290FC46A00E08B42 /* Build configuration list for PBXNativeTarget "SwiftUILearn" */;
			buildPhases = (
				6E63C1CD290FC46600E08B42 /* Sources */,
				6E63C1CE290FC46600E08B42 /* Frameworks */,
				6E63C1CF290FC46600E08B42 /* Resources */,
			);
			buildRules = (
			);
			dependencies = (
			);
			name = SwiftUILearn;
			productName = SwiftUILearn;
			productReference = 6E63C1D1290FC46600E08B42 /* SwiftUILearn.app */;
			productType = "com.apple.product-type.application";
		};
		6E63C1E92911197F00E08B42 /* ListsAndNavigation */ = {
			isa = PBXNativeTarget;
			buildConfigurationList = 6E63C1F52911198100E08B42 /* Build configuration list for PBXNativeTarget "ListsAndNavigation" */;
			buildPhases = (
				6E63C1E62911197F00E08B42 /* Sources */,
				6E63C1E72911197F00E08B42 /* Frameworks */,
				6E63C1E82911197F00E08B42 /* Resources */,
			);
			buildRules = (
			);
			dependencies = (
			);
			name = ListsAndNavigation;
			productName = ListsAndNavigation;
			productReference = 6E63C1EA2911197F00E08B42 /* ListsAndNavigation.app */;
			productType = "com.apple.product-type.application";
		};
/* End PBXNativeTarget section */

/* Begin PBXProject section */
		6E63C1C9290FC46500E08B42 /* Project object */ = {
			isa = PBXProject;
			attributes = {
				BuildIndependentTargetsInParallel = 1;
				LastSwiftUpdateCheck = 1500;
				LastUpgradeCheck = 1340;
				TargetAttributes = {
					18461FC62C09C479002F4612 = {
						CreatedOnToolsVersion = 15.0.1;
					};
					18745B1F2C0EBEC500F07F62 = {
						CreatedOnToolsVersion = 15.0.1;
					};
					18745B3B2C0EFD5E00F07F62 = {
						CreatedOnToolsVersion = 15.0.1;
					};
					18745B9C2C118E0E00F07F62 = {
						CreatedOnToolsVersion = 15.0.1;
					};
					6E63C1D0290FC46600E08B42 = {
						CreatedOnToolsVersion = 13.4.1;
					};
					6E63C1E92911197F00E08B42 = {
						CreatedOnToolsVersion = 13.4.1;
					};
				};
			};
			buildConfigurationList = 6E63C1CC290FC46500E08B42 /* Build configuration list for PBXProject "SwiftUILearn" */;
			compatibilityVersion = "Xcode 13.0";
			developmentRegion = en;
			hasScannedForEncodings = 0;
			knownRegions = (
				en,
				Base,
			);
			mainGroup = 6E63C1C8290FC46500E08B42;
			productRefGroup = 6E63C1D2290FC46600E08B42 /* Products */;
			projectDirPath = "";
			projectRoot = "";
			targets = (
				6E63C1D0290FC46600E08B42 /* SwiftUILearn */,
				6E63C1E92911197F00E08B42 /* ListsAndNavigation */,
				18461FC62C09C479002F4612 /* HandlingUserInput */,
				18745B1F2C0EBEC500F07F62 /* DrawPathsAndShapes */,
				18745B3B2C0EFD5E00F07F62 /* AnimatingViewsAndTransitions */,
				18745B9C2C118E0E00F07F62 /* ComposingComplexInterfaces */,
			);
		};
/* End PBXProject section */

/* Begin PBXResourcesBuildPhase section */
		18461FC52C09C479002F4612 /* Resources */ = {
			isa = PBXResourcesBuildPhase;
			buildActionMask = 2147483647;
			files = (
				184620022C09C5A0002F4612 /* lakemcdonald.jpg in Resources */,
				184620002C09C5A0002F4612 /* silversalmoncreek.jpg in Resources */,
				184620062C09C5A0002F4612 /* landmarkData.json in Resources */,
				18461FFF2C09C5A0002F4612 /* turtlerock.jpg in Resources */,
				18461FD62C09C47B002F4612 /* LaunchScreen.storyboard in Resources */,
				184620052C09C5A0002F4612 /* umbagog.jpg in Resources */,
				184620092C09C5A0002F4612 /* stmarylake.jpg in Resources */,
				184620072C09C5A0002F4612 /* chincoteague.jpg in Resources */,
				18461FD32C09C47B002F4612 /* Assets.xcassets in Resources */,
				184620012C09C5A0002F4612 /* icybay.jpg in Resources */,
				184620042C09C5A0002F4612 /* twinlake.jpg in Resources */,
				184620032C09C5A0002F4612 /* hiddenlake.jpg in Resources */,
				18461FD12C09C479002F4612 /* Main.storyboard in Resources */,
				1846200B2C09C5A0002F4612 /* rainbowlake.jpg in Resources */,
				1846200A2C09C5A0002F4612 /* chilkoottrail.jpg in Resources */,
				184620082C09C5A0002F4612 /* yukon_charleyrivers.jpg in Resources */,
			);
			runOnlyForDeploymentPostprocessing = 0;
		};
		18745B1E2C0EBEC500F07F62 /* Resources */ = {
			isa = PBXResourcesBuildPhase;
			buildActionMask = 2147483647;
			files = (
				18745B2A2C0EBEC600F07F62 /* Preview Assets.xcassets in Resources */,
				18745B272C0EBEC600F07F62 /* Assets.xcassets in Resources */,
			);
			runOnlyForDeploymentPostprocessing = 0;
		};
		18745B3A2C0EFD5E00F07F62 /* Resources */ = {
			isa = PBXResourcesBuildPhase;
			buildActionMask = 2147483647;
			files = (
				18745B462C0EFD5F00F07F62 /* Preview Assets.xcassets in Resources */,
				18745B982C108B6900F07F62 /* hikeData.json in Resources */,
				18745B432C0EFD5F00F07F62 /* Assets.xcassets in Resources */,
			);
			runOnlyForDeploymentPostprocessing = 0;
		};
		18745B9B2C118E0E00F07F62 /* Resources */ = {
			isa = PBXResourcesBuildPhase;
			buildActionMask = 2147483647;
			files = (
				18745BA72C118E1000F07F62 /* Preview Assets.xcassets in Resources */,
				18745BFD2C1199CF00F07F62 /* landmarkData.json in Resources */,
				18745BFC2C1199CF00F07F62 /* hikeData.json in Resources */,
				18745BA42C118E1000F07F62 /* Assets.xcassets in Resources */,
			);
			runOnlyForDeploymentPostprocessing = 0;
		};
		6E63C1CF290FC46600E08B42 /* Resources */ = {
			isa = PBXResourcesBuildPhase;
			buildActionMask = 2147483647;
			files = (
				6E63C1DC290FC46A00E08B42 /* Preview Assets.xcassets in Resources */,
				6E63C1D9290FC46A00E08B42 /* Assets.xcassets in Resources */,
			);
			runOnlyForDeploymentPostprocessing = 0;
		};
		6E63C1E82911197F00E08B42 /* Resources */ = {
			isa = PBXResourcesBuildPhase;
			buildActionMask = 2147483647;
			files = (
				6E63C21129111AA700E08B42 /* umbagog.jpg in Resources */,
				6E63C20C29111AA700E08B42 /* yukon_charleyrivers.jpg in Resources */,
				6E63C21229111AA700E08B42 /* icybay.jpg in Resources */,
				6E63C20B29111AA700E08B42 /* stmarylake.jpg in Resources */,
				6E63C20A29111AA700E08B42 /* silversalmoncreek.jpg in Resources */,
				6E63C1F42911198100E08B42 /* Preview Assets.xcassets in Resources */,
				6E63C21429111AA700E08B42 /* lakemcdonald.jpg in Resources */,
				6E63C1F12911198100E08B42 /* Assets.xcassets in Resources */,
				6E63C20D29111AA700E08B42 /* landmarkData.json in Resources */,
				6E63C20929111AA700E08B42 /* chincoteague.jpg in Resources */,
				6E63C21329111AA700E08B42 /* chilkoottrail.jpg in Resources */,
				18461FBE2C081D97002F4612 /* Main.storyboard in Resources */,
				6E63C20E29111AA700E08B42 /* rainbowlake.jpg in Resources */,
				6E63C20F29111AA700E08B42 /* hiddenlake.jpg in Resources */,
				6E63C20829111AA700E08B42 /* turtlerock.jpg in Resources */,
				6E63C21029111AA700E08B42 /* twinlake.jpg in Resources */,
			);
			runOnlyForDeploymentPostprocessing = 0;
		};
/* End PBXResourcesBuildPhase section */

/* Begin PBXSourcesBuildPhase section */
		18461FC32C09C479002F4612 /* Sources */ = {
			isa = PBXSourcesBuildPhase;
			buildActionMask = 2147483647;
			files = (
				1846200D2C0BE973002F4612 /* UserData.swift in Sources */,
				18461FFE2C09C5A0002F4612 /* Landmark.swift in Sources */,
				18461FFC2C09C5A0002F4612 /* ImageStore.swift in Sources */,
				18461FCE2C09C479002F4612 /* ViewController.swift in Sources */,
				18461FF72C09C5A0002F4612 /* LandmarkList.swift in Sources */,
				18461FF52C09C5A0002F4612 /* MapView.swift in Sources */,
				18461FCA2C09C479002F4612 /* AppDelegate.swift in Sources */,
				18461FCC2C09C479002F4612 /* SceneDelegate.swift in Sources */,
				18461FFD2C09C5A0002F4612 /* Data.swift in Sources */,
				18461FFA2C09C5A0002F4612 /* ContentView.swift in Sources */,
				18461FF62C09C5A0002F4612 /* CircleImage.swift in Sources */,
				18461FF92C09C5A0002F4612 /* LandmarkRow.swift in Sources */,
				18461FF82C09C5A0002F4612 /* LandmarkDetail.swift in Sources */,
			);
			runOnlyForDeploymentPostprocessing = 0;
		};
		18745B1C2C0EBEC500F07F62 /* Sources */ = {
			isa = PBXSourcesBuildPhase;
			buildActionMask = 2147483647;
			files = (
				18745B312C0EC03E00F07F62 /* HexagonParameters.swift in Sources */,
				18745B252C0EBEC500F07F62 /* ContentView.swift in Sources */,
				18745B2F2C0EBF9D00F07F62 /* Badge.swift in Sources */,
				18745B332C0EE8E400F07F62 /* BadgeBackground.swift in Sources */,
				18745B232C0EBEC500F07F62 /* DrawPathsAndShapesApp.swift in Sources */,
				18745B372C0EF05D00F07F62 /* RotatedBadgeSymbol.swift in Sources */,
				18745B352C0EEC4100F07F62 /* BadgeSymbol.swift in Sources */,
			);
			runOnlyForDeploymentPostprocessing = 0;
		};
		18745B382C0EFD5E00F07F62 /* Sources */ = {
			isa = PBXSourcesBuildPhase;
			buildActionMask = 2147483647;
			files = (
				18745B412C0EFD5E00F07F62 /* ContentView.swift in Sources */,
				18745B8A2C10895900F07F62 /* HikeView.swift in Sources */,
				18745B882C10895900F07F62 /* HikeGraph.swift in Sources */,
				18745B8C2C10899000F07F62 /* Hike.swift in Sources */,
				18745B3F2C0EFD5E00F07F62 /* AnimatingViewsAndTransitionsApp.swift in Sources */,
				18745B962C108B0300F07F62 /* ModelData.swift in Sources */,
				18745B872C10895900F07F62 /* GraphCapsule.swift in Sources */,
				18745B892C10895900F07F62 /* HikeDetail.swift in Sources */,
			);
			runOnlyForDeploymentPostprocessing = 0;
		};
		18745B992C118E0E00F07F62 /* Sources */ = {
			isa = PBXSourcesBuildPhase;
			buildActionMask = 2147483647;
			files = (
				18745C122C11ABBB00F07F62 /* CategoryRow.swift in Sources */,
				18745BA22C118E0F00F07F62 /* ContentView.swift in Sources */,
				18745C0A2C1199CF00F07F62 /* CircleImage.swift in Sources */,
				18745C0D2C1199CF00F07F62 /* HexagonParameters.swift in Sources */,
				18745C072C1199CF00F07F62 /* LandmarkRow.swift in Sources */,
				18745C052C1199CF00F07F62 /* LandmarkList.swift in Sources */,
				18745BAC2C118E3100F07F62 /* CategoryHome.swift in Sources */,
				18745C032C1199CF00F07F62 /* HikeDetail.swift in Sources */,
				18745C062C1199CF00F07F62 /* LandmarkDetail.swift in Sources */,
				18A519252C11B06B0078CCF0 /* CategoryItem.swift in Sources */,
				18745C092C1199CF00F07F62 /* MapView.swift in Sources */,
				18745C042C1199CF00F07F62 /* HikeView.swift in Sources */,
				18745BFF2C1199CF00F07F62 /* ModelData.swift in Sources */,
				18745C0C2C1199CF00F07F62 /* RotatedBadgeSymbol.swift in Sources */,
				18745C102C1199CF00F07F62 /* Badge.swift in Sources */,
				18745C0E2C1199CF00F07F62 /* BadgeSymbol.swift in Sources */,
				18745BFE2C1199CF00F07F62 /* Hike.swift in Sources */,
				18745BA02C118E0F00F07F62 /* ComposingComplexInterfacesApp.swift in Sources */,
				18745C0F2C1199CF00F07F62 /* BadgeBackground.swift in Sources */,
				18745C0B2C1199CF00F07F62 /* FavoriteButton.swift in Sources */,
				18745C022C1199CF00F07F62 /* HikeGraph.swift in Sources */,
				18745C002C1199CF00F07F62 /* Landmark.swift in Sources */,
				18745C012C1199CF00F07F62 /* GraphCapsule.swift in Sources */,
			);
			runOnlyForDeploymentPostprocessing = 0;
		};
		6E63C1CD290FC46600E08B42 /* Sources */ = {
			isa = PBXSourcesBuildPhase;
			buildActionMask = 2147483647;
			files = (
				6E63C1D7290FC46600E08B42 /* ContentView.swift in Sources */,
				6E63C1E529110CC300E08B42 /* MapView.swift in Sources */,
				6E63C1D5290FC46600E08B42 /* SwiftUILearnApp.swift in Sources */,
				6E63C1E3291105E900E08B42 /* CircleImage.swift in Sources */,
			);
			runOnlyForDeploymentPostprocessing = 0;
		};
		6E63C1E62911197F00E08B42 /* Sources */ = {
			isa = PBXSourcesBuildPhase;
			buildActionMask = 2147483647;
			files = (
				18461FB52C077E41002F4612 /* AppDelegate.swift in Sources */,
				6E63C1EF2911197F00E08B42 /* ContentView.swift in Sources */,
				6E2C746B2914EAEA00DFF37A /* LandmarkRow.swift in Sources */,
				18461FA12C0764CD002F4612 /* LandmarkList.swift in Sources */,
				18461F9B2C071956002F4612 /* Data.swift in Sources */,
				18461F9D2C071972002F4612 /* Landmark.swift in Sources */,
				18461FAE2C076CDE002F4612 /* MapView.swift in Sources */,
				18461F9F2C0723B6002F4612 /* ImageStore.swift in Sources */,
				18461FB12C077059002F4612 /* LandmarkDetail.swift in Sources */,
				18461FAF2C076CDE002F4612 /* CircleImage.swift in Sources */,
				18461FC22C08270D002F4612 /* SceneDelegate.swift in Sources */,
			);
			runOnlyForDeploymentPostprocessing = 0;
		};
/* End PBXSourcesBuildPhase section */

/* Begin PBXVariantGroup section */
		18461FCF2C09C479002F4612 /* Main.storyboard */ = {
			isa = PBXVariantGroup;
			children = (
				18461FD02C09C479002F4612 /* Base */,
			);
			name = Main.storyboard;
			sourceTree = "<group>";
		};
		18461FD42C09C47B002F4612 /* LaunchScreen.storyboard */ = {
			isa = PBXVariantGroup;
			children = (
				18461FD52C09C47B002F4612 /* Base */,
			);
			name = LaunchScreen.storyboard;
			sourceTree = "<group>";
		};
/* End PBXVariantGroup section */

/* Begin XCBuildConfiguration section */
		18461FD82C09C47B002F4612 /* Debug */ = {
			isa = XCBuildConfiguration;
			buildSettings = {
				ASSETCATALOG_COMPILER_APPICON_NAME = AppIcon;
				ASSETCATALOG_COMPILER_GENERATE_SWIFT_ASSET_SYMBOL_EXTENSIONS = YES;
				ASSETCATALOG_COMPILER_GLOBAL_ACCENT_COLOR_NAME = AccentColor;
				CLANG_CXX_LANGUAGE_STANDARD = "gnu++20";
				CODE_SIGN_STYLE = Automatic;
				CURRENT_PROJECT_VERSION = 1;
				DEVELOPMENT_TEAM = 6N334D9R3S;
				ENABLE_USER_SCRIPT_SANDBOXING = YES;
				GCC_C_LANGUAGE_STANDARD = gnu17;
				GENERATE_INFOPLIST_FILE = YES;
				INFOPLIST_FILE = HandlingUserInput/Info.plist;
				INFOPLIST_KEY_UIApplicationSupportsIndirectInputEvents = YES;
				INFOPLIST_KEY_UILaunchStoryboardName = LaunchScreen;
				INFOPLIST_KEY_UIMainStoryboardFile = Main;
				INFOPLIST_KEY_UISupportedInterfaceOrientations_iPad = "UIInterfaceOrientationPortrait UIInterfaceOrientationPortraitUpsideDown UIInterfaceOrientationLandscapeLeft UIInterfaceOrientationLandscapeRight";
				INFOPLIST_KEY_UISupportedInterfaceOrientations_iPhone = "UIInterfaceOrientationPortrait UIInterfaceOrientationLandscapeLeft UIInterfaceOrientationLandscapeRight";
				IPHONEOS_DEPLOYMENT_TARGET = 15.0;
				LD_RUNPATH_SEARCH_PATHS = (
					"$(inherited)",
					"@executable_path/Frameworks",
				);
				LOCALIZATION_PREFERS_STRING_CATALOGS = YES;
				MARKETING_VERSION = 1.0;
				PRODUCT_BUNDLE_IDENTIFIER = qsp.HandlingUserInput;
				PRODUCT_NAME = "$(TARGET_NAME)";
				SWIFT_ACTIVE_COMPILATION_CONDITIONS = "DEBUG $(inherited)";
				SWIFT_EMIT_LOC_STRINGS = YES;
				SWIFT_VERSION = 5.0;
				TARGETED_DEVICE_FAMILY = "1,2";
			};
			name = Debug;
		};
		18461FD92C09C47B002F4612 /* Release */ = {
			isa = XCBuildConfiguration;
			buildSettings = {
				ASSETCATALOG_COMPILER_APPICON_NAME = AppIcon;
				ASSETCATALOG_COMPILER_GENERATE_SWIFT_ASSET_SYMBOL_EXTENSIONS = YES;
				ASSETCATALOG_COMPILER_GLOBAL_ACCENT_COLOR_NAME = AccentColor;
				CLANG_CXX_LANGUAGE_STANDARD = "gnu++20";
				CODE_SIGN_STYLE = Automatic;
				CURRENT_PROJECT_VERSION = 1;
				DEVELOPMENT_TEAM = 6N334D9R3S;
				ENABLE_USER_SCRIPT_SANDBOXING = YES;
				GCC_C_LANGUAGE_STANDARD = gnu17;
				GENERATE_INFOPLIST_FILE = YES;
				INFOPLIST_FILE = HandlingUserInput/Info.plist;
				INFOPLIST_KEY_UIApplicationSupportsIndirectInputEvents = YES;
				INFOPLIST_KEY_UILaunchStoryboardName = LaunchScreen;
				INFOPLIST_KEY_UIMainStoryboardFile = Main;
				INFOPLIST_KEY_UISupportedInterfaceOrientations_iPad = "UIInterfaceOrientationPortrait UIInterfaceOrientationPortraitUpsideDown UIInterfaceOrientationLandscapeLeft UIInterfaceOrientationLandscapeRight";
				INFOPLIST_KEY_UISupportedInterfaceOrientations_iPhone = "UIInterfaceOrientationPortrait UIInterfaceOrientationLandscapeLeft UIInterfaceOrientationLandscapeRight";
				IPHONEOS_DEPLOYMENT_TARGET = 15.0;
				LD_RUNPATH_SEARCH_PATHS = (
					"$(inherited)",
					"@executable_path/Frameworks",
				);
				LOCALIZATION_PREFERS_STRING_CATALOGS = YES;
				MARKETING_VERSION = 1.0;
				PRODUCT_BUNDLE_IDENTIFIER = qsp.HandlingUserInput;
				PRODUCT_NAME = "$(TARGET_NAME)";
				SWIFT_EMIT_LOC_STRINGS = YES;
				SWIFT_VERSION = 5.0;
				TARGETED_DEVICE_FAMILY = "1,2";
			};
			name = Release;
		};
		18745B2C2C0EBEC600F07F62 /* Debug */ = {
			isa = XCBuildConfiguration;
			buildSettings = {
				ASSETCATALOG_COMPILER_APPICON_NAME = AppIcon;
				ASSETCATALOG_COMPILER_GENERATE_SWIFT_ASSET_SYMBOL_EXTENSIONS = YES;
				ASSETCATALOG_COMPILER_GLOBAL_ACCENT_COLOR_NAME = AccentColor;
				CLANG_CXX_LANGUAGE_STANDARD = "gnu++20";
				CODE_SIGN_STYLE = Automatic;
				CURRENT_PROJECT_VERSION = 1;
				DEVELOPMENT_ASSET_PATHS = "\"DrawPathsAndShapes/Preview Content\"";
				ENABLE_PREVIEWS = YES;
				ENABLE_USER_SCRIPT_SANDBOXING = YES;
				GCC_C_LANGUAGE_STANDARD = gnu17;
				GENERATE_INFOPLIST_FILE = YES;
				INFOPLIST_KEY_UIApplicationSceneManifest_Generation = YES;
				INFOPLIST_KEY_UIApplicationSupportsIndirectInputEvents = YES;
				INFOPLIST_KEY_UILaunchScreen_Generation = YES;
				INFOPLIST_KEY_UISupportedInterfaceOrientations_iPad = "UIInterfaceOrientationPortrait UIInterfaceOrientationPortraitUpsideDown UIInterfaceOrientationLandscapeLeft UIInterfaceOrientationLandscapeRight";
				INFOPLIST_KEY_UISupportedInterfaceOrientations_iPhone = "UIInterfaceOrientationPortrait UIInterfaceOrientationLandscapeLeft UIInterfaceOrientationLandscapeRight";
				IPHONEOS_DEPLOYMENT_TARGET = 17.0;
				LD_RUNPATH_SEARCH_PATHS = (
					"$(inherited)",
					"@executable_path/Frameworks",
				);
				LOCALIZATION_PREFERS_STRING_CATALOGS = YES;
				MARKETING_VERSION = 1.0;
				PRODUCT_BUNDLE_IDENTIFIER = qsp.DrawPathsAndShapes;
				PRODUCT_NAME = "$(TARGET_NAME)";
				SWIFT_ACTIVE_COMPILATION_CONDITIONS = "DEBUG $(inherited)";
				SWIFT_EMIT_LOC_STRINGS = YES;
				SWIFT_VERSION = 5.0;
				TARGETED_DEVICE_FAMILY = "1,2";
			};
			name = Debug;
		};
		18745B2D2C0EBEC600F07F62 /* Release */ = {
			isa = XCBuildConfiguration;
			buildSettings = {
				ASSETCATALOG_COMPILER_APPICON_NAME = AppIcon;
				ASSETCATALOG_COMPILER_GENERATE_SWIFT_ASSET_SYMBOL_EXTENSIONS = YES;
				ASSETCATALOG_COMPILER_GLOBAL_ACCENT_COLOR_NAME = AccentColor;
				CLANG_CXX_LANGUAGE_STANDARD = "gnu++20";
				CODE_SIGN_STYLE = Automatic;
				CURRENT_PROJECT_VERSION = 1;
				DEVELOPMENT_ASSET_PATHS = "\"DrawPathsAndShapes/Preview Content\"";
				ENABLE_PREVIEWS = YES;
				ENABLE_USER_SCRIPT_SANDBOXING = YES;
				GCC_C_LANGUAGE_STANDARD = gnu17;
				GENERATE_INFOPLIST_FILE = YES;
				INFOPLIST_KEY_UIApplicationSceneManifest_Generation = YES;
				INFOPLIST_KEY_UIApplicationSupportsIndirectInputEvents = YES;
				INFOPLIST_KEY_UILaunchScreen_Generation = YES;
				INFOPLIST_KEY_UISupportedInterfaceOrientations_iPad = "UIInterfaceOrientationPortrait UIInterfaceOrientationPortraitUpsideDown UIInterfaceOrientationLandscapeLeft UIInterfaceOrientationLandscapeRight";
				INFOPLIST_KEY_UISupportedInterfaceOrientations_iPhone = "UIInterfaceOrientationPortrait UIInterfaceOrientationLandscapeLeft UIInterfaceOrientationLandscapeRight";
				IPHONEOS_DEPLOYMENT_TARGET = 17.0;
				LD_RUNPATH_SEARCH_PATHS = (
					"$(inherited)",
					"@executable_path/Frameworks",
				);
				LOCALIZATION_PREFERS_STRING_CATALOGS = YES;
				MARKETING_VERSION = 1.0;
				PRODUCT_BUNDLE_IDENTIFIER = qsp.DrawPathsAndShapes;
				PRODUCT_NAME = "$(TARGET_NAME)";
				SWIFT_EMIT_LOC_STRINGS = YES;
				SWIFT_VERSION = 5.0;
				TARGETED_DEVICE_FAMILY = "1,2";
			};
			name = Release;
		};
		18745B482C0EFD5F00F07F62 /* Debug */ = {
			isa = XCBuildConfiguration;
			buildSettings = {
				ASSETCATALOG_COMPILER_APPICON_NAME = AppIcon;
				ASSETCATALOG_COMPILER_GENERATE_SWIFT_ASSET_SYMBOL_EXTENSIONS = YES;
				ASSETCATALOG_COMPILER_GLOBAL_ACCENT_COLOR_NAME = AccentColor;
				CLANG_CXX_LANGUAGE_STANDARD = "gnu++20";
				CODE_SIGN_STYLE = Automatic;
				CURRENT_PROJECT_VERSION = 1;
				DEVELOPMENT_ASSET_PATHS = "\"AnimatingViewsAndTransitions/Preview Content\"";
				ENABLE_PREVIEWS = YES;
				ENABLE_USER_SCRIPT_SANDBOXING = YES;
				GCC_C_LANGUAGE_STANDARD = gnu17;
				GENERATE_INFOPLIST_FILE = YES;
				INFOPLIST_KEY_UIApplicationSceneManifest_Generation = YES;
				INFOPLIST_KEY_UIApplicationSupportsIndirectInputEvents = YES;
				INFOPLIST_KEY_UILaunchScreen_Generation = YES;
				INFOPLIST_KEY_UISupportedInterfaceOrientations_iPad = "UIInterfaceOrientationPortrait UIInterfaceOrientationPortraitUpsideDown UIInterfaceOrientationLandscapeLeft UIInterfaceOrientationLandscapeRight";
				INFOPLIST_KEY_UISupportedInterfaceOrientations_iPhone = "UIInterfaceOrientationPortrait UIInterfaceOrientationLandscapeLeft UIInterfaceOrientationLandscapeRight";
				IPHONEOS_DEPLOYMENT_TARGET = 17.0;
				LD_RUNPATH_SEARCH_PATHS = (
					"$(inherited)",
					"@executable_path/Frameworks",
				);
				LOCALIZATION_PREFERS_STRING_CATALOGS = YES;
				MARKETING_VERSION = 1.0;
				PRODUCT_BUNDLE_IDENTIFIER = qsp.AnimatingViewsAndTransitions;
				PRODUCT_NAME = "$(TARGET_NAME)";
				SWIFT_ACTIVE_COMPILATION_CONDITIONS = "DEBUG $(inherited)";
				SWIFT_EMIT_LOC_STRINGS = YES;
				SWIFT_VERSION = 5.0;
				TARGETED_DEVICE_FAMILY = "1,2";
			};
			name = Debug;
		};
		18745B492C0EFD5F00F07F62 /* Release */ = {
			isa = XCBuildConfiguration;
			buildSettings = {
				ASSETCATALOG_COMPILER_APPICON_NAME = AppIcon;
				ASSETCATALOG_COMPILER_GENERATE_SWIFT_ASSET_SYMBOL_EXTENSIONS = YES;
				ASSETCATALOG_COMPILER_GLOBAL_ACCENT_COLOR_NAME = AccentColor;
				CLANG_CXX_LANGUAGE_STANDARD = "gnu++20";
				CODE_SIGN_STYLE = Automatic;
				CURRENT_PROJECT_VERSION = 1;
				DEVELOPMENT_ASSET_PATHS = "\"AnimatingViewsAndTransitions/Preview Content\"";
				ENABLE_PREVIEWS = YES;
				ENABLE_USER_SCRIPT_SANDBOXING = YES;
				GCC_C_LANGUAGE_STANDARD = gnu17;
				GENERATE_INFOPLIST_FILE = YES;
				INFOPLIST_KEY_UIApplicationSceneManifest_Generation = YES;
				INFOPLIST_KEY_UIApplicationSupportsIndirectInputEvents = YES;
				INFOPLIST_KEY_UILaunchScreen_Generation = YES;
				INFOPLIST_KEY_UISupportedInterfaceOrientations_iPad = "UIInterfaceOrientationPortrait UIInterfaceOrientationPortraitUpsideDown UIInterfaceOrientationLandscapeLeft UIInterfaceOrientationLandscapeRight";
				INFOPLIST_KEY_UISupportedInterfaceOrientations_iPhone = "UIInterfaceOrientationPortrait UIInterfaceOrientationLandscapeLeft UIInterfaceOrientationLandscapeRight";
				IPHONEOS_DEPLOYMENT_TARGET = 17.0;
				LD_RUNPATH_SEARCH_PATHS = (
					"$(inherited)",
					"@executable_path/Frameworks",
				);
				LOCALIZATION_PREFERS_STRING_CATALOGS = YES;
				MARKETING_VERSION = 1.0;
				PRODUCT_BUNDLE_IDENTIFIER = qsp.AnimatingViewsAndTransitions;
				PRODUCT_NAME = "$(TARGET_NAME)";
				SWIFT_EMIT_LOC_STRINGS = YES;
				SWIFT_VERSION = 5.0;
				TARGETED_DEVICE_FAMILY = "1,2";
			};
			name = Release;
		};
		18745BA92C118E1000F07F62 /* Debug */ = {
			isa = XCBuildConfiguration;
			buildSettings = {
				ASSETCATALOG_COMPILER_APPICON_NAME = AppIcon;
				ASSETCATALOG_COMPILER_GENERATE_SWIFT_ASSET_SYMBOL_EXTENSIONS = YES;
				ASSETCATALOG_COMPILER_GLOBAL_ACCENT_COLOR_NAME = AccentColor;
				CLANG_CXX_LANGUAGE_STANDARD = "gnu++20";
				CODE_SIGN_STYLE = Automatic;
				CURRENT_PROJECT_VERSION = 1;
				DEVELOPMENT_ASSET_PATHS = "\"ComposingComplexInterfaces/Preview Content\"";
				ENABLE_PREVIEWS = YES;
				ENABLE_USER_SCRIPT_SANDBOXING = YES;
				GCC_C_LANGUAGE_STANDARD = gnu17;
				GENERATE_INFOPLIST_FILE = YES;
				INFOPLIST_KEY_UIApplicationSceneManifest_Generation = YES;
				INFOPLIST_KEY_UIApplicationSupportsIndirectInputEvents = YES;
				INFOPLIST_KEY_UILaunchScreen_Generation = YES;
				INFOPLIST_KEY_UISupportedInterfaceOrientations_iPad = "UIInterfaceOrientationPortrait UIInterfaceOrientationPortraitUpsideDown UIInterfaceOrientationLandscapeLeft UIInterfaceOrientationLandscapeRight";
				INFOPLIST_KEY_UISupportedInterfaceOrientations_iPhone = "UIInterfaceOrientationPortrait UIInterfaceOrientationLandscapeLeft UIInterfaceOrientationLandscapeRight";
				IPHONEOS_DEPLOYMENT_TARGET = 17.0;
				LD_RUNPATH_SEARCH_PATHS = (
					"$(inherited)",
					"@executable_path/Frameworks",
				);
				LOCALIZATION_PREFERS_STRING_CATALOGS = YES;
				MARKETING_VERSION = 1.0;
				PRODUCT_BUNDLE_IDENTIFIER = qsp.ComposingComplexInterfaces;
				PRODUCT_NAME = "$(TARGET_NAME)";
				SWIFT_ACTIVE_COMPILATION_CONDITIONS = "DEBUG $(inherited)";
				SWIFT_EMIT_LOC_STRINGS = YES;
				SWIFT_VERSION = 5.0;
				TARGETED_DEVICE_FAMILY = "1,2";
			};
			name = Debug;
		};
		18745BAA2C118E1000F07F62 /* Release */ = {
			isa = XCBuildConfiguration;
			buildSettings = {
				ASSETCATALOG_COMPILER_APPICON_NAME = AppIcon;
				ASSETCATALOG_COMPILER_GENERATE_SWIFT_ASSET_SYMBOL_EXTENSIONS = YES;
				ASSETCATALOG_COMPILER_GLOBAL_ACCENT_COLOR_NAME = AccentColor;
				CLANG_CXX_LANGUAGE_STANDARD = "gnu++20";
				CODE_SIGN_STYLE = Automatic;
				CURRENT_PROJECT_VERSION = 1;
				DEVELOPMENT_ASSET_PATHS = "\"ComposingComplexInterfaces/Preview Content\"";
				ENABLE_PREVIEWS = YES;
				ENABLE_USER_SCRIPT_SANDBOXING = YES;
				GCC_C_LANGUAGE_STANDARD = gnu17;
				GENERATE_INFOPLIST_FILE = YES;
				INFOPLIST_KEY_UIApplicationSceneManifest_Generation = YES;
				INFOPLIST_KEY_UIApplicationSupportsIndirectInputEvents = YES;
				INFOPLIST_KEY_UILaunchScreen_Generation = YES;
				INFOPLIST_KEY_UISupportedInterfaceOrientations_iPad = "UIInterfaceOrientationPortrait UIInterfaceOrientationPortraitUpsideDown UIInterfaceOrientationLandscapeLeft UIInterfaceOrientationLandscapeRight";
				INFOPLIST_KEY_UISupportedInterfaceOrientations_iPhone = "UIInterfaceOrientationPortrait UIInterfaceOrientationLandscapeLeft UIInterfaceOrientationLandscapeRight";
				IPHONEOS_DEPLOYMENT_TARGET = 17.0;
				LD_RUNPATH_SEARCH_PATHS = (
					"$(inherited)",
					"@executable_path/Frameworks",
				);
				LOCALIZATION_PREFERS_STRING_CATALOGS = YES;
				MARKETING_VERSION = 1.0;
				PRODUCT_BUNDLE_IDENTIFIER = qsp.ComposingComplexInterfaces;
				PRODUCT_NAME = "$(TARGET_NAME)";
				SWIFT_EMIT_LOC_STRINGS = YES;
				SWIFT_VERSION = 5.0;
				TARGETED_DEVICE_FAMILY = "1,2";
			};
			name = Release;
		};
		6E63C1DD290FC46A00E08B42 /* Debug */ = {
			isa = XCBuildConfiguration;
			buildSettings = {
				ALWAYS_SEARCH_USER_PATHS = NO;
				CLANG_ANALYZER_NONNULL = YES;
				CLANG_ANALYZER_NUMBER_OBJECT_CONVERSION = YES_AGGRESSIVE;
				CLANG_CXX_LANGUAGE_STANDARD = "gnu++17";
				CLANG_ENABLE_MODULES = YES;
				CLANG_ENABLE_OBJC_ARC = YES;
				CLANG_ENABLE_OBJC_WEAK = YES;
				CLANG_WARN_BLOCK_CAPTURE_AUTORELEASING = YES;
				CLANG_WARN_BOOL_CONVERSION = YES;
				CLANG_WARN_COMMA = YES;
				CLANG_WARN_CONSTANT_CONVERSION = YES;
				CLANG_WARN_DEPRECATED_OBJC_IMPLEMENTATIONS = YES;
				CLANG_WARN_DIRECT_OBJC_ISA_USAGE = YES_ERROR;
				CLANG_WARN_DOCUMENTATION_COMMENTS = YES;
				CLANG_WARN_EMPTY_BODY = YES;
				CLANG_WARN_ENUM_CONVERSION = YES;
				CLANG_WARN_INFINITE_RECURSION = YES;
				CLANG_WARN_INT_CONVERSION = YES;
				CLANG_WARN_NON_LITERAL_NULL_CONVERSION = YES;
				CLANG_WARN_OBJC_IMPLICIT_RETAIN_SELF = YES;
				CLANG_WARN_OBJC_LITERAL_CONVERSION = YES;
				CLANG_WARN_OBJC_ROOT_CLASS = YES_ERROR;
				CLANG_WARN_QUOTED_INCLUDE_IN_FRAMEWORK_HEADER = YES;
				CLANG_WARN_RANGE_LOOP_ANALYSIS = YES;
				CLANG_WARN_STRICT_PROTOTYPES = YES;
				CLANG_WARN_SUSPICIOUS_MOVE = YES;
				CLANG_WARN_UNGUARDED_AVAILABILITY = YES_AGGRESSIVE;
				CLANG_WARN_UNREACHABLE_CODE = YES;
				CLANG_WARN__DUPLICATE_METHOD_MATCH = YES;
				COPY_PHASE_STRIP = NO;
				DEBUG_INFORMATION_FORMAT = dwarf;
				ENABLE_STRICT_OBJC_MSGSEND = YES;
				ENABLE_TESTABILITY = YES;
				GCC_C_LANGUAGE_STANDARD = gnu11;
				GCC_DYNAMIC_NO_PIC = NO;
				GCC_NO_COMMON_BLOCKS = YES;
				GCC_OPTIMIZATION_LEVEL = 0;
				GCC_PREPROCESSOR_DEFINITIONS = (
					"DEBUG=1",
					"$(inherited)",
				);
				GCC_WARN_64_TO_32_BIT_CONVERSION = YES;
				GCC_WARN_ABOUT_RETURN_TYPE = YES_ERROR;
				GCC_WARN_UNDECLARED_SELECTOR = YES;
				GCC_WARN_UNINITIALIZED_AUTOS = YES_AGGRESSIVE;
				GCC_WARN_UNUSED_FUNCTION = YES;
				GCC_WARN_UNUSED_VARIABLE = YES;
				IPHONEOS_DEPLOYMENT_TARGET = 15.5;
				MTL_ENABLE_DEBUG_INFO = INCLUDE_SOURCE;
				MTL_FAST_MATH = YES;
				ONLY_ACTIVE_ARCH = YES;
				SDKROOT = iphoneos;
				SWIFT_ACTIVE_COMPILATION_CONDITIONS = DEBUG;
				SWIFT_OPTIMIZATION_LEVEL = "-Onone";
			};
			name = Debug;
		};
		6E63C1DE290FC46A00E08B42 /* Release */ = {
			isa = XCBuildConfiguration;
			buildSettings = {
				ALWAYS_SEARCH_USER_PATHS = NO;
				CLANG_ANALYZER_NONNULL = YES;
				CLANG_ANALYZER_NUMBER_OBJECT_CONVERSION = YES_AGGRESSIVE;
				CLANG_CXX_LANGUAGE_STANDARD = "gnu++17";
				CLANG_ENABLE_MODULES = YES;
				CLANG_ENABLE_OBJC_ARC = YES;
				CLANG_ENABLE_OBJC_WEAK = YES;
				CLANG_WARN_BLOCK_CAPTURE_AUTORELEASING = YES;
				CLANG_WARN_BOOL_CONVERSION = YES;
				CLANG_WARN_COMMA = YES;
				CLANG_WARN_CONSTANT_CONVERSION = YES;
				CLANG_WARN_DEPRECATED_OBJC_IMPLEMENTATIONS = YES;
				CLANG_WARN_DIRECT_OBJC_ISA_USAGE = YES_ERROR;
				CLANG_WARN_DOCUMENTATION_COMMENTS = YES;
				CLANG_WARN_EMPTY_BODY = YES;
				CLANG_WARN_ENUM_CONVERSION = YES;
				CLANG_WARN_INFINITE_RECURSION = YES;
				CLANG_WARN_INT_CONVERSION = YES;
				CLANG_WARN_NON_LITERAL_NULL_CONVERSION = YES;
				CLANG_WARN_OBJC_IMPLICIT_RETAIN_SELF = YES;
				CLANG_WARN_OBJC_LITERAL_CONVERSION = YES;
				CLANG_WARN_OBJC_ROOT_CLASS = YES_ERROR;
				CLANG_WARN_QUOTED_INCLUDE_IN_FRAMEWORK_HEADER = YES;
				CLANG_WARN_RANGE_LOOP_ANALYSIS = YES;
				CLANG_WARN_STRICT_PROTOTYPES = YES;
				CLANG_WARN_SUSPICIOUS_MOVE = YES;
				CLANG_WARN_UNGUARDED_AVAILABILITY = YES_AGGRESSIVE;
				CLANG_WARN_UNREACHABLE_CODE = YES;
				CLANG_WARN__DUPLICATE_METHOD_MATCH = YES;
				COPY_PHASE_STRIP = NO;
				DEBUG_INFORMATION_FORMAT = "dwarf-with-dsym";
				ENABLE_NS_ASSERTIONS = NO;
				ENABLE_STRICT_OBJC_MSGSEND = YES;
				GCC_C_LANGUAGE_STANDARD = gnu11;
				GCC_NO_COMMON_BLOCKS = YES;
				GCC_WARN_64_TO_32_BIT_CONVERSION = YES;
				GCC_WARN_ABOUT_RETURN_TYPE = YES_ERROR;
				GCC_WARN_UNDECLARED_SELECTOR = YES;
				GCC_WARN_UNINITIALIZED_AUTOS = YES_AGGRESSIVE;
				GCC_WARN_UNUSED_FUNCTION = YES;
				GCC_WARN_UNUSED_VARIABLE = YES;
				IPHONEOS_DEPLOYMENT_TARGET = 15.5;
				MTL_ENABLE_DEBUG_INFO = NO;
				MTL_FAST_MATH = YES;
				SDKROOT = iphoneos;
				SWIFT_COMPILATION_MODE = wholemodule;
				SWIFT_OPTIMIZATION_LEVEL = "-O";
				VALIDATE_PRODUCT = YES;
			};
			name = Release;
		};
		6E63C1E0290FC46A00E08B42 /* Debug */ = {
			isa = XCBuildConfiguration;
			buildSettings = {
				ASSETCATALOG_COMPILER_APPICON_NAME = AppIcon;
				ASSETCATALOG_COMPILER_GLOBAL_ACCENT_COLOR_NAME = AccentColor;
				CODE_SIGN_STYLE = Automatic;
				CURRENT_PROJECT_VERSION = 1;
				DEVELOPMENT_ASSET_PATHS = "\"SwiftUILearn/Preview Content\"";
				DEVELOPMENT_TEAM = XCL3BJXWK5;
				ENABLE_PREVIEWS = YES;
				GENERATE_INFOPLIST_FILE = YES;
				INFOPLIST_KEY_UIApplicationSceneManifest_Generation = YES;
				INFOPLIST_KEY_UIApplicationSupportsIndirectInputEvents = YES;
				INFOPLIST_KEY_UILaunchScreen_Generation = YES;
				INFOPLIST_KEY_UISupportedInterfaceOrientations_iPad = "UIInterfaceOrientationPortrait UIInterfaceOrientationPortraitUpsideDown UIInterfaceOrientationLandscapeLeft UIInterfaceOrientationLandscapeRight";
				INFOPLIST_KEY_UISupportedInterfaceOrientations_iPhone = "UIInterfaceOrientationPortrait UIInterfaceOrientationLandscapeLeft UIInterfaceOrientationLandscapeRight";
				IPHONEOS_DEPLOYMENT_TARGET = 15.5;
				LD_RUNPATH_SEARCH_PATHS = (
					"$(inherited)",
					"@executable_path/Frameworks",
				);
				MARKETING_VERSION = 1.0;
				PRODUCT_BUNDLE_IDENTIFIER = com.abc.SwiftUILearn;
				PRODUCT_NAME = "$(TARGET_NAME)";
				SWIFT_EMIT_LOC_STRINGS = YES;
				SWIFT_VERSION = 5.0;
				TARGETED_DEVICE_FAMILY = "1,2";
			};
			name = Debug;
		};
		6E63C1E1290FC46A00E08B42 /* Release */ = {
			isa = XCBuildConfiguration;
			buildSettings = {
				ASSETCATALOG_COMPILER_APPICON_NAME = AppIcon;
				ASSETCATALOG_COMPILER_GLOBAL_ACCENT_COLOR_NAME = AccentColor;
				CODE_SIGN_STYLE = Automatic;
				CURRENT_PROJECT_VERSION = 1;
				DEVELOPMENT_ASSET_PATHS = "\"SwiftUILearn/Preview Content\"";
				DEVELOPMENT_TEAM = XCL3BJXWK5;
				ENABLE_PREVIEWS = YES;
				GENERATE_INFOPLIST_FILE = YES;
				INFOPLIST_KEY_UIApplicationSceneManifest_Generation = YES;
				INFOPLIST_KEY_UIApplicationSupportsIndirectInputEvents = YES;
				INFOPLIST_KEY_UILaunchScreen_Generation = YES;
				INFOPLIST_KEY_UISupportedInterfaceOrientations_iPad = "UIInterfaceOrientationPortrait UIInterfaceOrientationPortraitUpsideDown UIInterfaceOrientationLandscapeLeft UIInterfaceOrientationLandscapeRight";
				INFOPLIST_KEY_UISupportedInterfaceOrientations_iPhone = "UIInterfaceOrientationPortrait UIInterfaceOrientationLandscapeLeft UIInterfaceOrientationLandscapeRight";
				IPHONEOS_DEPLOYMENT_TARGET = 15.5;
				LD_RUNPATH_SEARCH_PATHS = (
					"$(inherited)",
					"@executable_path/Frameworks",
				);
				MARKETING_VERSION = 1.0;
				PRODUCT_BUNDLE_IDENTIFIER = com.abc.SwiftUILearn;
				PRODUCT_NAME = "$(TARGET_NAME)";
				SWIFT_EMIT_LOC_STRINGS = YES;
				SWIFT_VERSION = 5.0;
				TARGETED_DEVICE_FAMILY = "1,2";
			};
			name = Release;
		};
		6E63C1F62911198100E08B42 /* Debug */ = {
			isa = XCBuildConfiguration;
			buildSettings = {
				ASSETCATALOG_COMPILER_APPICON_NAME = AppIcon;
				ASSETCATALOG_COMPILER_GLOBAL_ACCENT_COLOR_NAME = AccentColor;
				CODE_SIGN_STYLE = Automatic;
				CURRENT_PROJECT_VERSION = 1;
				DEVELOPMENT_ASSET_PATHS = "\"ListsAndNavigation/Preview Content\"";
				DEVELOPMENT_TEAM = XCL3BJXWK5;
				ENABLE_PREVIEWS = YES;
				GENERATE_INFOPLIST_FILE = YES;
				INFOPLIST_FILE = ListsAndNavigation/Info.plist;
				INFOPLIST_KEY_UIApplicationSupportsIndirectInputEvents = YES;
				INFOPLIST_KEY_UILaunchScreen_Generation = YES;
				INFOPLIST_KEY_UIMainStoryboardFile = Main;
				INFOPLIST_KEY_UISupportedInterfaceOrientations_iPad = "UIInterfaceOrientationPortrait UIInterfaceOrientationPortraitUpsideDown UIInterfaceOrientationLandscapeLeft UIInterfaceOrientationLandscapeRight";
				INFOPLIST_KEY_UISupportedInterfaceOrientations_iPhone = "UIInterfaceOrientationPortrait UIInterfaceOrientationLandscapeLeft UIInterfaceOrientationLandscapeRight";
				LD_RUNPATH_SEARCH_PATHS = (
					"$(inherited)",
					"@executable_path/Frameworks",
				);
				MARKETING_VERSION = 1.0;
				PRODUCT_BUNDLE_IDENTIFIER = com.abc.ListsAndNavigation;
				PRODUCT_NAME = "$(TARGET_NAME)";
				SWIFT_EMIT_LOC_STRINGS = YES;
				SWIFT_VERSION = 5.0;
				TARGETED_DEVICE_FAMILY = "1,2";
			};
			name = Debug;
		};
		6E63C1F72911198100E08B42 /* Release */ = {
			isa = XCBuildConfiguration;
			buildSettings = {
				ASSETCATALOG_COMPILER_APPICON_NAME = AppIcon;
				ASSETCATALOG_COMPILER_GLOBAL_ACCENT_COLOR_NAME = AccentColor;
				CODE_SIGN_STYLE = Automatic;
				CURRENT_PROJECT_VERSION = 1;
				DEVELOPMENT_ASSET_PATHS = "\"ListsAndNavigation/Preview Content\"";
				DEVELOPMENT_TEAM = XCL3BJXWK5;
				ENABLE_PREVIEWS = YES;
				GENERATE_INFOPLIST_FILE = YES;
				INFOPLIST_FILE = ListsAndNavigation/Info.plist;
				INFOPLIST_KEY_UIApplicationSupportsIndirectInputEvents = YES;
				INFOPLIST_KEY_UILaunchScreen_Generation = YES;
				INFOPLIST_KEY_UIMainStoryboardFile = Main;
				INFOPLIST_KEY_UISupportedInterfaceOrientations_iPad = "UIInterfaceOrientationPortrait UIInterfaceOrientationPortraitUpsideDown UIInterfaceOrientationLandscapeLeft UIInterfaceOrientationLandscapeRight";
				INFOPLIST_KEY_UISupportedInterfaceOrientations_iPhone = "UIInterfaceOrientationPortrait UIInterfaceOrientationLandscapeLeft UIInterfaceOrientationLandscapeRight";
				LD_RUNPATH_SEARCH_PATHS = (
					"$(inherited)",
					"@executable_path/Frameworks",
				);
				MARKETING_VERSION = 1.0;
				PRODUCT_BUNDLE_IDENTIFIER = com.abc.ListsAndNavigation;
				PRODUCT_NAME = "$(TARGET_NAME)";
				SWIFT_EMIT_LOC_STRINGS = YES;
				SWIFT_VERSION = 5.0;
				TARGETED_DEVICE_FAMILY = "1,2";
			};
			name = Release;
		};
/* End XCBuildConfiguration section */

/* Begin XCConfigurationList section */
		18461FDA2C09C47B002F4612 /* Build configuration list for PBXNativeTarget "HandlingUserInput" */ = {
			isa = XCConfigurationList;
			buildConfigurations = (
				18461FD82C09C47B002F4612 /* Debug */,
				18461FD92C09C47B002F4612 /* Release */,
			);
			defaultConfigurationIsVisible = 0;
			defaultConfigurationName = Release;
		};
		18745B2B2C0EBEC600F07F62 /* Build configuration list for PBXNativeTarget "DrawPathsAndShapes" */ = {
			isa = XCConfigurationList;
			buildConfigurations = (
				18745B2C2C0EBEC600F07F62 /* Debug */,
				18745B2D2C0EBEC600F07F62 /* Release */,
			);
			defaultConfigurationIsVisible = 0;
			defaultConfigurationName = Release;
		};
		18745B472C0EFD5F00F07F62 /* Build configuration list for PBXNativeTarget "AnimatingViewsAndTransitions" */ = {
			isa = XCConfigurationList;
			buildConfigurations = (
				18745B482C0EFD5F00F07F62 /* Debug */,
				18745B492C0EFD5F00F07F62 /* Release */,
			);
			defaultConfigurationIsVisible = 0;
			defaultConfigurationName = Release;
		};
		18745BA82C118E1000F07F62 /* Build configuration list for PBXNativeTarget "ComposingComplexInterfaces" */ = {
			isa = XCConfigurationList;
			buildConfigurations = (
				18745BA92C118E1000F07F62 /* Debug */,
				18745BAA2C118E1000F07F62 /* Release */,
			);
			defaultConfigurationIsVisible = 0;
			defaultConfigurationName = Release;
		};
		6E63C1CC290FC46500E08B42 /* Build configuration list for PBXProject "SwiftUILearn" */ = {
			isa = XCConfigurationList;
			buildConfigurations = (
				6E63C1DD290FC46A00E08B42 /* Debug */,
				6E63C1DE290FC46A00E08B42 /* Release */,
			);
			defaultConfigurationIsVisible = 0;
			defaultConfigurationName = Release;
		};
		6E63C1DF290FC46A00E08B42 /* Build configuration list for PBXNativeTarget "SwiftUILearn" */ = {
			isa = XCConfigurationList;
			buildConfigurations = (
				6E63C1E0290FC46A00E08B42 /* Debug */,
				6E63C1E1290FC46A00E08B42 /* Release */,
			);
			defaultConfigurationIsVisible = 0;
			defaultConfigurationName = Release;
		};
		6E63C1F52911198100E08B42 /* Build configuration list for PBXNativeTarget "ListsAndNavigation" */ = {
			isa = XCConfigurationList;
			buildConfigurations = (
				6E63C1F62911198100E08B42 /* Debug */,
				6E63C1F72911198100E08B42 /* Release */,
			);
			defaultConfigurationIsVisible = 0;
			defaultConfigurationName = Release;
		};
/* End XCConfigurationList section */
	};
	rootObject = 6E63C1C9290FC46500E08B42 /* Project object */;
}
