// !$*UTF8*$!
{
	archiveVersion = 1;
	classes = {
	};
	objectVersion = 55;
	objects = {

/* Begin PBXBuildFile section */
		18461F9B2C071956002F4612 /* Data.swift in Sources */ = {isa = PBXBuildFile; fileRef = 18461F9A2C071956002F4612 /* Data.swift */; };
		18461F9D2C071972002F4612 /* Landmark.swift in Sources */ = {isa = PBXBuildFile; fileRef = 18461F9C2C071972002F4612 /* Landmark.swift */; };
		18461F9F2C0723B6002F4612 /* ImageStore.swift in Sources */ = {isa = PBXBuildFile; fileRef = 18461F9E2C0723B6002F4612 /* ImageStore.swift */; };
		18461FA12C0764CD002F4612 /* LandmarkList.swift in Sources */ = {isa = PBXBuildFile; fileRef = 18461FA02C0764CD002F4612 /* LandmarkList.swift */; };
		18461FAE2C076CDE002F4612 /* MapView.swift in Sources */ = {isa = PBXBuildFile; fileRef = 18461FAC2C076CDD002F4612 /* MapView.swift */; };
		18461FAF2C076CDE002F4612 /* CircleImage.swift in Sources */ = {isa = PBXBuildFile; fileRef = 18461FAD2C076CDD002F4612 /* CircleImage.swift */; };
		18461FB12C077059002F4612 /* LandmarkDetail.swift in Sources */ = {isa = PBXBuildFile; fileRef = 18461FB02C077059002F4612 /* LandmarkDetail.swift */; };
		18461FB52C077E41002F4612 /* AppDelegate.swift in Sources */ = {isa = PBXBuildFile; fileRef = 18461FB42C077E41002F4612 /* AppDelegate.swift */; };
		18461FBE2C081D97002F4612 /* Main.storyboard in Resources */ = {isa = PBXBuildFile; fileRef = 18461FBD2C081D97002F4612 /* Main.storyboard */; };
		18461FC22C08270D002F4612 /* SceneDelegate.swift in Sources */ = {isa = PBXBuildFile; fileRef = 18461FC12C08270D002F4612 /* SceneDelegate.swift */; };
		6E2C746B2914EAEA00DFF37A /* LandmarkRow.swift in Sources */ = {isa = PBXBuildFile; fileRef = 6E2C746A2914EAEA00DFF37A /* LandmarkRow.swift */; };
		6E63C1D5290FC46600E08B42 /* SwiftUILearnApp.swift in Sources */ = {isa = PBXBuildFile; fileRef = 6E63C1D4290FC46600E08B42 /* SwiftUILearnApp.swift */; };
		6E63C1D7290FC46600E08B42 /* ContentView.swift in Sources */ = {isa = PBXBuildFile; fileRef = 6E63C1D6290FC46600E08B42 /* ContentView.swift */; };
		6E63C1D9290FC46A00E08B42 /* Assets.xcassets in Resources */ = {isa = PBXBuildFile; fileRef = 6E63C1D8290FC46A00E08B42 /* Assets.xcassets */; };
		6E63C1DC290FC46A00E08B42 /* Preview Assets.xcassets in Resources */ = {isa = PBXBuildFile; fileRef = 6E63C1DB290FC46A00E08B42 /* Preview Assets.xcassets */; };
		6E63C1E3291105E900E08B42 /* CircleImage.swift in Sources */ = {isa = PBXBuildFile; fileRef = 6E63C1E2291105E900E08B42 /* CircleImage.swift */; };
		6E63C1E529110CC300E08B42 /* MapView.swift in Sources */ = {isa = PBXBuildFile; fileRef = 6E63C1E429110CC300E08B42 /* MapView.swift */; };
		6E63C1EF2911197F00E08B42 /* ContentView.swift in Sources */ = {isa = PBXBuildFile; fileRef = 6E63C1EE2911197F00E08B42 /* ContentView.swift */; };
		6E63C1F12911198100E08B42 /* Assets.xcassets in Resources */ = {isa = PBXBuildFile; fileRef = 6E63C1F02911198100E08B42 /* Assets.xcassets */; };
		6E63C1F42911198100E08B42 /* Preview Assets.xcassets in Resources */ = {isa = PBXBuildFile; fileRef = 6E63C1F32911198100E08B42 /* Preview Assets.xcassets */; };
		6E63C20829111AA700E08B42 /* turtlerock.jpg in Resources */ = {isa = PBXBuildFile; fileRef = 6E63C1FB29111AA600E08B42 /* turtlerock.jpg */; };
		6E63C20929111AA700E08B42 /* chincoteague.jpg in Resources */ = {isa = PBXBuildFile; fileRef = 6E63C1FC29111AA600E08B42 /* chincoteague.jpg */; };
		6E63C20A29111AA700E08B42 /* silversalmoncreek.jpg in Resources */ = {isa = PBXBuildFile; fileRef = 6E63C1FD29111AA600E08B42 /* silversalmoncreek.jpg */; };
		6E63C20B29111AA700E08B42 /* stmarylake.jpg in Resources */ = {isa = PBXBuildFile; fileRef = 6E63C1FE29111AA600E08B42 /* stmarylake.jpg */; };
		6E63C20C29111AA700E08B42 /* yukon_charleyrivers.jpg in Resources */ = {isa = PBXBuildFile; fileRef = 6E63C1FF29111AA600E08B42 /* yukon_charleyrivers.jpg */; };
		6E63C20D29111AA700E08B42 /* landmarkData.json in Resources */ = {isa = PBXBuildFile; fileRef = 6E63C20029111AA600E08B42 /* landmarkData.json */; };
		6E63C20E29111AA700E08B42 /* rainbowlake.jpg in Resources */ = {isa = PBXBuildFile; fileRef = 6E63C20129111AA600E08B42 /* rainbowlake.jpg */; };
		6E63C20F29111AA700E08B42 /* hiddenlake.jpg in Resources */ = {isa = PBXBuildFile; fileRef = 6E63C20229111AA600E08B42 /* hiddenlake.jpg */; };
		6E63C21029111AA700E08B42 /* twinlake.jpg in Resources */ = {isa = PBXBuildFile; fileRef = 6E63C20329111AA700E08B42 /* twinlake.jpg */; };
		6E63C21129111AA700E08B42 /* umbagog.jpg in Resources */ = {isa = PBXBuildFile; fileRef = 6E63C20429111AA700E08B42 /* umbagog.jpg */; };
		6E63C21229111AA700E08B42 /* icybay.jpg in Resources */ = {isa = PBXBuildFile; fileRef = 6E63C20529111AA700E08B42 /* icybay.jpg */; };
		6E63C21329111AA700E08B42 /* chilkoottrail.jpg in Resources */ = {isa = PBXBuildFile; fileRef = 6E63C20629111AA700E08B42 /* chilkoottrail.jpg */; };
		6E63C21429111AA700E08B42 /* lakemcdonald.jpg in Resources */ = {isa = PBXBuildFile; fileRef = 6E63C20729111AA700E08B42 /* lakemcdonald.jpg */; };
/* End PBXBuildFile section */

/* Begin PBXFileReference section */
		18461F9A2C071956002F4612 /* Data.swift */ = {isa = PBXFileReference; lastKnownFileType = sourcecode.swift; path = Data.swift; sourceTree = "<group>"; };
		18461F9C2C071972002F4612 /* Landmark.swift */ = {isa = PBXFileReference; lastKnownFileType = sourcecode.swift; path = Landmark.swift; sourceTree = "<group>"; };
		18461F9E2C0723B6002F4612 /* ImageStore.swift */ = {isa = PBXFileReference; lastKnownFileType = sourcecode.swift; path = ImageStore.swift; sourceTree = "<group>"; };
		18461FA02C0764CD002F4612 /* LandmarkList.swift */ = {isa = PBXFileReference; lastKnownFileType = sourcecode.swift; path = LandmarkList.swift; sourceTree = "<group>"; };
		18461FAC2C076CDD002F4612 /* MapView.swift */ = {isa = PBXFileReference; fileEncoding = 4; lastKnownFileType = sourcecode.swift; path = MapView.swift; sourceTree = "<group>"; };
		18461FAD2C076CDD002F4612 /* CircleImage.swift */ = {isa = PBXFileReference; fileEncoding = 4; lastKnownFileType = sourcecode.swift; path = CircleImage.swift; sourceTree = "<group>"; };
		18461FB02C077059002F4612 /* LandmarkDetail.swift */ = {isa = PBXFileReference; lastKnownFileType = sourcecode.swift; path = LandmarkDetail.swift; sourceTree = "<group>"; };
		18461FB42C077E41002F4612 /* AppDelegate.swift */ = {isa = PBXFileReference; lastKnownFileType = sourcecode.swift; path = AppDelegate.swift; sourceTree = "<group>"; };
		18461FB82C0781F8002F4612 /* Info.plist */ = {isa = PBXFileReference; lastKnownFileType = text.plist; path = Info.plist; sourceTree = "<group>"; };
		18461FBD2C081D97002F4612 /* Main.storyboard */ = {isa = PBXFileReference; lastKnownFileType = file.storyboard; path = Main.storyboard; sourceTree = "<group>"; };
		18461FC12C08270D002F4612 /* SceneDelegate.swift */ = {isa = PBXFileReference; lastKnownFileType = sourcecode.swift; path = SceneDelegate.swift; sourceTree = "<group>"; };
		6E2C746A2914EAEA00DFF37A /* LandmarkRow.swift */ = {isa = PBXFileReference; lastKnownFileType = sourcecode.swift; path = LandmarkRow.swift; sourceTree = "<group>"; };
		6E63C1D1290FC46600E08B42 /* SwiftUILearn.app */ = {isa = PBXFileReference; explicitFileType = wrapper.application; includeInIndex = 0; path = SwiftUILearn.app; sourceTree = BUILT_PRODUCTS_DIR; };
		6E63C1D4290FC46600E08B42 /* SwiftUILearnApp.swift */ = {isa = PBXFileReference; lastKnownFileType = sourcecode.swift; path = SwiftUILearnApp.swift; sourceTree = "<group>"; };
		6E63C1D6290FC46600E08B42 /* ContentView.swift */ = {isa = PBXFileReference; lastKnownFileType = sourcecode.swift; path = ContentView.swift; sourceTree = "<group>"; };
		6E63C1D8290FC46A00E08B42 /* Assets.xcassets */ = {isa = PBXFileReference; lastKnownFileType = folder.assetcatalog; path = Assets.xcassets; sourceTree = "<group>"; };
		6E63C1DB290FC46A00E08B42 /* Preview Assets.xcassets */ = {isa = PBXFileReference; lastKnownFileType = folder.assetcatalog; path = "Preview Assets.xcassets"; sourceTree = "<group>"; };
		6E63C1E2291105E900E08B42 /* CircleImage.swift */ = {isa = PBXFileReference; lastKnownFileType = sourcecode.swift; path = CircleImage.swift; sourceTree = "<group>"; };
		6E63C1E429110CC300E08B42 /* MapView.swift */ = {isa = PBXFileReference; lastKnownFileType = sourcecode.swift; path = MapView.swift; sourceTree = "<group>"; };
		6E63C1EA2911197F00E08B42 /* ListsAndNavigation.app */ = {isa = PBXFileReference; explicitFileType = wrapper.application; includeInIndex = 0; path = ListsAndNavigation.app; sourceTree = BUILT_PRODUCTS_DIR; };
		6E63C1EE2911197F00E08B42 /* ContentView.swift */ = {isa = PBXFileReference; lastKnownFileType = sourcecode.swift; path = ContentView.swift; sourceTree = "<group>"; };
		6E63C1F02911198100E08B42 /* Assets.xcassets */ = {isa = PBXFileReference; lastKnownFileType = folder.assetcatalog; path = Assets.xcassets; sourceTree = "<group>"; };
		6E63C1F32911198100E08B42 /* Preview Assets.xcassets */ = {isa = PBXFileReference; lastKnownFileType = folder.assetcatalog; path = "Preview Assets.xcassets"; sourceTree = "<group>"; };
		6E63C1FB29111AA600E08B42 /* turtlerock.jpg */ = {isa = PBXFileReference; lastKnownFileType = image.jpeg; path = turtlerock.jpg; sourceTree = "<group>"; };
		6E63C1FC29111AA600E08B42 /* chincoteague.jpg */ = {isa = PBXFileReference; lastKnownFileType = image.jpeg; path = chincoteague.jpg; sourceTree = "<group>"; };
		6E63C1FD29111AA600E08B42 /* silversalmoncreek.jpg */ = {isa = PBXFileReference; lastKnownFileType = image.jpeg; path = silversalmoncreek.jpg; sourceTree = "<group>"; };
		6E63C1FE29111AA600E08B42 /* stmarylake.jpg */ = {isa = PBXFileReference; lastKnownFileType = image.jpeg; path = stmarylake.jpg; sourceTree = "<group>"; };
		6E63C1FF29111AA600E08B42 /* yukon_charleyrivers.jpg */ = {isa = PBXFileReference; lastKnownFileType = image.jpeg; path = yukon_charleyrivers.jpg; sourceTree = "<group>"; };
		6E63C20029111AA600E08B42 /* landmarkData.json */ = {isa = PBXFileReference; fileEncoding = 4; lastKnownFileType = text.json; path = landmarkData.json; sourceTree = "<group>"; };
		6E63C20129111AA600E08B42 /* rainbowlake.jpg */ = {isa = PBXFileReference; lastKnownFileType = image.jpeg; path = rainbowlake.jpg; sourceTree = "<group>"; };
		6E63C20229111AA600E08B42 /* hiddenlake.jpg */ = {isa = PBXFileReference; lastKnownFileType = image.jpeg; path = hiddenlake.jpg; sourceTree = "<group>"; };
		6E63C20329111AA700E08B42 /* twinlake.jpg */ = {isa = PBXFileReference; lastKnownFileType = image.jpeg; path = twinlake.jpg; sourceTree = "<group>"; };
		6E63C20429111AA700E08B42 /* umbagog.jpg */ = {isa = PBXFileReference; lastKnownFileType = image.jpeg; path = umbagog.jpg; sourceTree = "<group>"; };
		6E63C20529111AA700E08B42 /* icybay.jpg */ = {isa = PBXFileReference; lastKnownFileType = image.jpeg; path = icybay.jpg; sourceTree = "<group>"; };
		6E63C20629111AA700E08B42 /* chilkoottrail.jpg */ = {isa = PBXFileReference; lastKnownFileType = image.jpeg; path = chilkoottrail.jpg; sourceTree = "<group>"; };
		6E63C20729111AA700E08B42 /* lakemcdonald.jpg */ = {isa = PBXFileReference; lastKnownFileType = image.jpeg; path = lakemcdonald.jpg; sourceTree = "<group>"; };
/* End PBXFileReference section */

/* Begin PBXFrameworksBuildPhase section */
		6E63C1CE290FC46600E08B42 /* Frameworks */ = {
			isa = PBXFrameworksBuildPhase;
			buildActionMask = 2147483647;
			files = (
			);
			runOnlyForDeploymentPostprocessing = 0;
		};
		6E63C1E72911197F00E08B42 /* Frameworks */ = {
			isa = PBXFrameworksBuildPhase;
			buildActionMask = 2147483647;
			files = (
			);
			runOnlyForDeploymentPostprocessing = 0;
		};
/* End PBXFrameworksBuildPhase section */

/* Begin PBXGroup section */
		6E63C1C8290FC46500E08B42 = {
			isa = PBXGroup;
			children = (
				6E63C1D3290FC46600E08B42 /* SwiftUILearn */,
				6E63C1EB2911197F00E08B42 /* ListsAndNavigation */,
				6E63C1D2290FC46600E08B42 /* Products */,
			);
			sourceTree = "<group>";
		};
		6E63C1D2290FC46600E08B42 /* Products */ = {
			isa = PBXGroup;
			children = (
				6E63C1D1290FC46600E08B42 /* SwiftUILearn.app */,
				6E63C1EA2911197F00E08B42 /* ListsAndNavigation.app */,
			);
			name = Products;
			sourceTree = "<group>";
		};
		6E63C1D3290FC46600E08B42 /* SwiftUILearn */ = {
			isa = PBXGroup;
			children = (
				6E63C1D4290FC46600E08B42 /* SwiftUILearnApp.swift */,
				6E63C1D6290FC46600E08B42 /* ContentView.swift */,
				6E63C1E2291105E900E08B42 /* CircleImage.swift */,
				6E63C1E429110CC300E08B42 /* MapView.swift */,
				6E63C1D8290FC46A00E08B42 /* Assets.xcassets */,
				6E63C1DA290FC46A00E08B42 /* Preview Content */,
			);
			path = SwiftUILearn;
			sourceTree = "<group>";
		};
		6E63C1DA290FC46A00E08B42 /* Preview Content */ = {
			isa = PBXGroup;
			children = (
				6E63C1DB290FC46A00E08B42 /* Preview Assets.xcassets */,
			);
			path = "Preview Content";
			sourceTree = "<group>";
		};
		6E63C1EB2911197F00E08B42 /* ListsAndNavigation */ = {
			isa = PBXGroup;
			children = (
				18461FB82C0781F8002F4612 /* Info.plist */,
				6E63C1F9291119C100E08B42 /* Model */,
				6E63C1FA291119C100E08B42 /* Source */,
				6E63C1F8291119C100E08B42 /* View */,
				6E63C1F02911198100E08B42 /* Assets.xcassets */,
				6E63C1F22911198100E08B42 /* Preview Content */,
			);
			path = ListsAndNavigation;
			sourceTree = "<group>";
		};
		6E63C1F22911198100E08B42 /* Preview Content */ = {
			isa = PBXGroup;
			children = (
				6E63C1F32911198100E08B42 /* Preview Assets.xcassets */,
			);
			path = "Preview Content";
			sourceTree = "<group>";
		};
		6E63C1F8291119C100E08B42 /* View */ = {
			isa = PBXGroup;
			children = (
				18461FB42C077E41002F4612 /* AppDelegate.swift */,
				18461FC12C08270D002F4612 /* SceneDelegate.swift */,
				18461FBD2C081D97002F4612 /* Main.storyboard */,
				6E63C1EE2911197F00E08B42 /* ContentView.swift */,
				18461FAD2C076CDD002F4612 /* CircleImage.swift */,
				18461FAC2C076CDD002F4612 /* MapView.swift */,
				18461FB02C077059002F4612 /* LandmarkDetail.swift */,
				6E2C746A2914EAEA00DFF37A /* LandmarkRow.swift */,
				18461FA02C0764CD002F4612 /* LandmarkList.swift */,
			);
			path = View;
			sourceTree = "<group>";
		};
		6E63C1F9291119C100E08B42 /* Model */ = {
			isa = PBXGroup;
			children = (
				18461F9A2C071956002F4612 /* Data.swift */,
				18461F9C2C071972002F4612 /* Landmark.swift */,
				18461F9E2C0723B6002F4612 /* ImageStore.swift */,
			);
			path = Model;
			sourceTree = "<group>";
		};
		6E63C1FA291119C100E08B42 /* Source */ = {
			isa = PBXGroup;
			children = (
				6E63C20629111AA700E08B42 /* chilkoottrail.jpg */,
				6E63C1FC29111AA600E08B42 /* chincoteague.jpg */,
				6E63C20229111AA600E08B42 /* hiddenlake.jpg */,
				6E63C20529111AA700E08B42 /* icybay.jpg */,
				6E63C20729111AA700E08B42 /* lakemcdonald.jpg */,
				6E63C20029111AA600E08B42 /* landmarkData.json */,
				6E63C20129111AA600E08B42 /* rainbowlake.jpg */,
				6E63C1FD29111AA600E08B42 /* silversalmoncreek.jpg */,
				6E63C1FE29111AA600E08B42 /* stmarylake.jpg */,
				6E63C1FB29111AA600E08B42 /* turtlerock.jpg */,
				6E63C20329111AA700E08B42 /* twinlake.jpg */,
				6E63C20429111AA700E08B42 /* umbagog.jpg */,
				6E63C1FF29111AA600E08B42 /* yukon_charleyrivers.jpg */,
			);
			path = Source;
			sourceTree = "<group>";
		};
/* End PBXGroup section */

/* Begin PBXNativeTarget section */
		6E63C1D0290FC46600E08B42 /* SwiftUILearn */ = {
			isa = PBXNativeTarget;
			buildConfigurationList = 6E63C1DF290FC46A00E08B42 /* Build configuration list for PBXNativeTarget "SwiftUILearn" */;
			buildPhases = (
				6E63C1CD290FC46600E08B42 /* Sources */,
				6E63C1CE290FC46600E08B42 /* Frameworks */,
				6E63C1CF290FC46600E08B42 /* Resources */,
			);
			buildRules = (
			);
			dependencies = (
			);
			name = SwiftUILearn;
			productName = SwiftUILearn;
			productReference = 6E63C1D1290FC46600E08B42 /* SwiftUILearn.app */;
			productType = "com.apple.product-type.application";
		};
		6E63C1E92911197F00E08B42 /* ListsAndNavigation */ = {
			isa = PBXNativeTarget;
			buildConfigurationList = 6E63C1F52911198100E08B42 /* Build configuration list for PBXNativeTarget "ListsAndNavigation" */;
			buildPhases = (
				6E63C1E62911197F00E08B42 /* Sources */,
				6E63C1E72911197F00E08B42 /* Frameworks */,
				6E63C1E82911197F00E08B42 /* Resources */,
			);
			buildRules = (
			);
			dependencies = (
			);
			name = ListsAndNavigation;
			productName = ListsAndNavigation;
			productReference = 6E63C1EA2911197F00E08B42 /* ListsAndNavigation.app */;
			productType = "com.apple.product-type.application";
		};
/* End PBXNativeTarget section */

/* Begin PBXProject section */
		6E63C1C9290FC46500E08B42 /* Project object */ = {
			isa = PBXProject;
			attributes = {
				BuildIndependentTargetsInParallel = 1;
				LastSwiftUpdateCheck = 1340;
				LastUpgradeCheck = 1340;
				TargetAttributes = {
					6E63C1D0290FC46600E08B42 = {
						CreatedOnToolsVersion = 13.4.1;
					};
					6E63C1E92911197F00E08B42 = {
						CreatedOnToolsVersion = 13.4.1;
					};
				};
			};
			buildConfigurationList = 6E63C1CC290FC46500E08B42 /* Build configuration list for PBXProject "SwiftUILearn" */;
			compatibilityVersion = "Xcode 13.0";
			developmentRegion = en;
			hasScannedForEncodings = 0;
			knownRegions = (
				en,
				Base,
			);
			mainGroup = 6E63C1C8290FC46500E08B42;
			productRefGroup = 6E63C1D2290FC46600E08B42 /* Products */;
			projectDirPath = "";
			projectRoot = "";
			targets = (
				6E63C1D0290FC46600E08B42 /* SwiftUILearn */,
				6E63C1E92911197F00E08B42 /* ListsAndNavigation */,
			);
		};
/* End PBXProject section */

/* Begin PBXResourcesBuildPhase section */
		6E63C1CF290FC46600E08B42 /* Resources */ = {
			isa = PBXResourcesBuildPhase;
			buildActionMask = 2147483647;
			files = (
				6E63C1DC290FC46A00E08B42 /* Preview Assets.xcassets in Resources */,
				6E63C1D9290FC46A00E08B42 /* Assets.xcassets in Resources */,
			);
			runOnlyForDeploymentPostprocessing = 0;
		};
		6E63C1E82911197F00E08B42 /* Resources */ = {
			isa = PBXResourcesBuildPhase;
			buildActionMask = 2147483647;
			files = (
				6E63C21129111AA700E08B42 /* umbagog.jpg in Resources */,
				6E63C20C29111AA700E08B42 /* yukon_charleyrivers.jpg in Resources */,
				6E63C21229111AA700E08B42 /* icybay.jpg in Resources */,
				6E63C20B29111AA700E08B42 /* stmarylake.jpg in Resources */,
				6E63C20A29111AA700E08B42 /* silversalmoncreek.jpg in Resources */,
				6E63C1F42911198100E08B42 /* Preview Assets.xcassets in Resources */,
				6E63C21429111AA700E08B42 /* lakemcdonald.jpg in Resources */,
				6E63C1F12911198100E08B42 /* Assets.xcassets in Resources */,
				6E63C20D29111AA700E08B42 /* landmarkData.json in Resources */,
				6E63C20929111AA700E08B42 /* chincoteague.jpg in Resources */,
				6E63C21329111AA700E08B42 /* chilkoottrail.jpg in Resources */,
				18461FBE2C081D97002F4612 /* Main.storyboard in Resources */,
				6E63C20E29111AA700E08B42 /* rainbowlake.jpg in Resources */,
				6E63C20F29111AA700E08B42 /* hiddenlake.jpg in Resources */,
				6E63C20829111AA700E08B42 /* turtlerock.jpg in Resources */,
				6E63C21029111AA700E08B42 /* twinlake.jpg in Resources */,
			);
			runOnlyForDeploymentPostprocessing = 0;
		};
/* End PBXResourcesBuildPhase section */

/* Begin PBXSourcesBuildPhase section */
		6E63C1CD290FC46600E08B42 /* Sources */ = {
			isa = PBXSourcesBuildPhase;
			buildActionMask = 2147483647;
			files = (
				6E63C1D7290FC46600E08B42 /* ContentView.swift in Sources */,
				6E63C1E529110CC300E08B42 /* MapView.swift in Sources */,
				6E63C1D5290FC46600E08B42 /* SwiftUILearnApp.swift in Sources */,
				6E63C1E3291105E900E08B42 /* CircleImage.swift in Sources */,
			);
			runOnlyForDeploymentPostprocessing = 0;
		};
		6E63C1E62911197F00E08B42 /* Sources */ = {
			isa = PBXSourcesBuildPhase;
			buildActionMask = 2147483647;
			files = (
				18461FB52C077E41002F4612 /* AppDelegate.swift in Sources */,
				6E63C1EF2911197F00E08B42 /* ContentView.swift in Sources */,
				6E2C746B2914EAEA00DFF37A /* LandmarkRow.swift in Sources */,
				18461FA12C0764CD002F4612 /* LandmarkList.swift in Sources */,
				18461F9B2C071956002F4612 /* Data.swift in Sources */,
				18461F9D2C071972002F4612 /* Landmark.swift in Sources */,
				18461FAE2C076CDE002F4612 /* MapView.swift in Sources */,
				18461F9F2C0723B6002F4612 /* ImageStore.swift in Sources */,
				18461FB12C077059002F4612 /* LandmarkDetail.swift in Sources */,
				18461FAF2C076CDE002F4612 /* CircleImage.swift in Sources */,
				18461FC22C08270D002F4612 /* SceneDelegate.swift in Sources */,
			);
			runOnlyForDeploymentPostprocessing = 0;
		};
/* End PBXSourcesBuildPhase section */

/* Begin XCBuildConfiguration section */
		6E63C1DD290FC46A00E08B42 /* Debug */ = {
			isa = XCBuildConfiguration;
			buildSettings = {
				ALWAYS_SEARCH_USER_PATHS = NO;
				CLANG_ANALYZER_NONNULL = YES;
				CLANG_ANALYZER_NUMBER_OBJECT_CONVERSION = YES_AGGRESSIVE;
				CLANG_CXX_LANGUAGE_STANDARD = "gnu++17";
				CLANG_ENABLE_MODULES = YES;
				CLANG_ENABLE_OBJC_ARC = YES;
				CLANG_ENABLE_OBJC_WEAK = YES;
				CLANG_WARN_BLOCK_CAPTURE_AUTORELEASING = YES;
				CLANG_WARN_BOOL_CONVERSION = YES;
				CLANG_WARN_COMMA = YES;
				CLANG_WARN_CONSTANT_CONVERSION = YES;
				CLANG_WARN_DEPRECATED_OBJC_IMPLEMENTATIONS = YES;
				CLANG_WARN_DIRECT_OBJC_ISA_USAGE = YES_ERROR;
				CLANG_WARN_DOCUMENTATION_COMMENTS = YES;
				CLANG_WARN_EMPTY_BODY = YES;
				CLANG_WARN_ENUM_CONVERSION = YES;
				CLANG_WARN_INFINITE_RECURSION = YES;
				CLANG_WARN_INT_CONVERSION = YES;
				CLANG_WARN_NON_LITERAL_NULL_CONVERSION = YES;
				CLANG_WARN_OBJC_IMPLICIT_RETAIN_SELF = YES;
				CLANG_WARN_OBJC_LITERAL_CONVERSION = YES;
				CLANG_WARN_OBJC_ROOT_CLASS = YES_ERROR;
				CLANG_WARN_QUOTED_INCLUDE_IN_FRAMEWORK_HEADER = YES;
				CLANG_WARN_RANGE_LOOP_ANALYSIS = YES;
				CLANG_WARN_STRICT_PROTOTYPES = YES;
				CLANG_WARN_SUSPICIOUS_MOVE = YES;
				CLANG_WARN_UNGUARDED_AVAILABILITY = YES_AGGRESSIVE;
				CLANG_WARN_UNREACHABLE_CODE = YES;
				CLANG_WARN__DUPLICATE_METHOD_MATCH = YES;
				COPY_PHASE_STRIP = NO;
				DEBUG_INFORMATION_FORMAT = dwarf;
				ENABLE_STRICT_OBJC_MSGSEND = YES;
				ENABLE_TESTABILITY = YES;
				GCC_C_LANGUAGE_STANDARD = gnu11;
				GCC_DYNAMIC_NO_PIC = NO;
				GCC_NO_COMMON_BLOCKS = YES;
				GCC_OPTIMIZATION_LEVEL = 0;
				GCC_PREPROCESSOR_DEFINITIONS = (
					"DEBUG=1",
					"$(inherited)",
				);
				GCC_WARN_64_TO_32_BIT_CONVERSION = YES;
				GCC_WARN_ABOUT_RETURN_TYPE = YES_ERROR;
				GCC_WARN_UNDECLARED_SELECTOR = YES;
				GCC_WARN_UNINITIALIZED_AUTOS = YES_AGGRESSIVE;
				GCC_WARN_UNUSED_FUNCTION = YES;
				GCC_WARN_UNUSED_VARIABLE = YES;
				IPHONEOS_DEPLOYMENT_TARGET = 15.5;
				MTL_ENABLE_DEBUG_INFO = INCLUDE_SOURCE;
				MTL_FAST_MATH = YES;
				ONLY_ACTIVE_ARCH = YES;
				SDKROOT = iphoneos;
				SWIFT_ACTIVE_COMPILATION_CONDITIONS = DEBUG;
				SWIFT_OPTIMIZATION_LEVEL = "-Onone";
			};
			name = Debug;
		};
		6E63C1DE290FC46A00E08B42 /* Release */ = {
			isa = XCBuildConfiguration;
			buildSettings = {
				ALWAYS_SEARCH_USER_PATHS = NO;
				CLANG_ANALYZER_NONNULL = YES;
				CLANG_ANALYZER_NUMBER_OBJECT_CONVERSION = YES_AGGRESSIVE;
				CLANG_CXX_LANGUAGE_STANDARD = "gnu++17";
				CLANG_ENABLE_MODULES = YES;
				CLANG_ENABLE_OBJC_ARC = YES;
				CLANG_ENABLE_OBJC_WEAK = YES;
				CLANG_WARN_BLOCK_CAPTURE_AUTORELEASING = YES;
				CLANG_WARN_BOOL_CONVERSION = YES;
				CLANG_WARN_COMMA = YES;
				CLANG_WARN_CONSTANT_CONVERSION = YES;
				CLANG_WARN_DEPRECATED_OBJC_IMPLEMENTATIONS = YES;
				CLANG_WARN_DIRECT_OBJC_ISA_USAGE = YES_ERROR;
				CLANG_WARN_DOCUMENTATION_COMMENTS = YES;
				CLANG_WARN_EMPTY_BODY = YES;
				CLANG_WARN_ENUM_CONVERSION = YES;
				CLANG_WARN_INFINITE_RECURSION = YES;
				CLANG_WARN_INT_CONVERSION = YES;
				CLANG_WARN_NON_LITERAL_NULL_CONVERSION = YES;
				CLANG_WARN_OBJC_IMPLICIT_RETAIN_SELF = YES;
				CLANG_WARN_OBJC_LITERAL_CONVERSION = YES;
				CLANG_WARN_OBJC_ROOT_CLASS = YES_ERROR;
				CLANG_WARN_QUOTED_INCLUDE_IN_FRAMEWORK_HEADER = YES;
				CLANG_WARN_RANGE_LOOP_ANALYSIS = YES;
				CLANG_WARN_STRICT_PROTOTYPES = YES;
				CLANG_WARN_SUSPICIOUS_MOVE = YES;
				CLANG_WARN_UNGUARDED_AVAILABILITY = YES_AGGRESSIVE;
				CLANG_WARN_UNREACHABLE_CODE = YES;
				CLANG_WARN__DUPLICATE_METHOD_MATCH = YES;
				COPY_PHASE_STRIP = NO;
				DEBUG_INFORMATION_FORMAT = "dwarf-with-dsym";
				ENABLE_NS_ASSERTIONS = NO;
				ENABLE_STRICT_OBJC_MSGSEND = YES;
				GCC_C_LANGUAGE_STANDARD = gnu11;
				GCC_NO_COMMON_BLOCKS = YES;
				GCC_WARN_64_TO_32_BIT_CONVERSION = YES;
				GCC_WARN_ABOUT_RETURN_TYPE = YES_ERROR;
				GCC_WARN_UNDECLARED_SELECTOR = YES;
				GCC_WARN_UNINITIALIZED_AUTOS = YES_AGGRESSIVE;
				GCC_WARN_UNUSED_FUNCTION = YES;
				GCC_WARN_UNUSED_VARIABLE = YES;
				IPHONEOS_DEPLOYMENT_TARGET = 15.5;
				MTL_ENABLE_DEBUG_INFO = NO;
				MTL_FAST_MATH = YES;
				SDKROOT = iphoneos;
				SWIFT_COMPILATION_MODE = wholemodule;
				SWIFT_OPTIMIZATION_LEVEL = "-O";
				VALIDATE_PRODUCT = YES;
			};
			name = Release;
		};
		6E63C1E0290FC46A00E08B42 /* Debug */ = {
			isa = XCBuildConfiguration;
			buildSettings = {
				ASSETCATALOG_COMPILER_APPICON_NAME = AppIcon;
				ASSETCATALOG_COMPILER_GLOBAL_ACCENT_COLOR_NAME = AccentColor;
				CODE_SIGN_STYLE = Automatic;
				CURRENT_PROJECT_VERSION = 1;
				DEVELOPMENT_ASSET_PATHS = "\"SwiftUILearn/Preview Content\"";
				DEVELOPMENT_TEAM = XCL3BJXWK5;
				ENABLE_PREVIEWS = YES;
				GENERATE_INFOPLIST_FILE = YES;
				INFOPLIST_KEY_UIApplicationSceneManifest_Generation = YES;
				INFOPLIST_KEY_UIApplicationSupportsIndirectInputEvents = YES;
				INFOPLIST_KEY_UILaunchScreen_Generation = YES;
				INFOPLIST_KEY_UISupportedInterfaceOrientations_iPad = "UIInterfaceOrientationPortrait UIInterfaceOrientationPortraitUpsideDown UIInterfaceOrientationLandscapeLeft UIInterfaceOrientationLandscapeRight";
				INFOPLIST_KEY_UISupportedInterfaceOrientations_iPhone = "UIInterfaceOrientationPortrait UIInterfaceOrientationLandscapeLeft UIInterfaceOrientationLandscapeRight";
				LD_RUNPATH_SEARCH_PATHS = (
					"$(inherited)",
					"@executable_path/Frameworks",
				);
				MARKETING_VERSION = 1.0;
				PRODUCT_BUNDLE_IDENTIFIER = com.abc.SwiftUILearn;
				PRODUCT_NAME = "$(TARGET_NAME)";
				SWIFT_EMIT_LOC_STRINGS = YES;
				SWIFT_VERSION = 5.0;
				TARGETED_DEVICE_FAMILY = "1,2";
			};
			name = Debug;
		};
		6E63C1E1290FC46A00E08B42 /* Release */ = {
			isa = XCBuildConfiguration;
			buildSettings = {
				ASSETCATALOG_COMPILER_APPICON_NAME = AppIcon;
				ASSETCATALOG_COMPILER_GLOBAL_ACCENT_COLOR_NAME = AccentColor;
				CODE_SIGN_STYLE = Automatic;
				CURRENT_PROJECT_VERSION = 1;
				DEVELOPMENT_ASSET_PATHS = "\"SwiftUILearn/Preview Content\"";
				DEVELOPMENT_TEAM = XCL3BJXWK5;
				ENABLE_PREVIEWS = YES;
				GENERATE_INFOPLIST_FILE = YES;
				INFOPLIST_KEY_UIApplicationSceneManifest_Generation = YES;
				INFOPLIST_KEY_UIApplicationSupportsIndirectInputEvents = YES;
				INFOPLIST_KEY_UILaunchScreen_Generation = YES;
				INFOPLIST_KEY_UISupportedInterfaceOrientations_iPad = "UIInterfaceOrientationPortrait UIInterfaceOrientationPortraitUpsideDown UIInterfaceOrientationLandscapeLeft UIInterfaceOrientationLandscapeRight";
				INFOPLIST_KEY_UISupportedInterfaceOrientations_iPhone = "UIInterfaceOrientationPortrait UIInterfaceOrientationLandscapeLeft UIInterfaceOrientationLandscapeRight";
				LD_RUNPATH_SEARCH_PATHS = (
					"$(inherited)",
					"@executable_path/Frameworks",
				);
				MARKETING_VERSION = 1.0;
				PRODUCT_BUNDLE_IDENTIFIER = com.abc.SwiftUILearn;
				PRODUCT_NAME = "$(TARGET_NAME)";
				SWIFT_EMIT_LOC_STRINGS = YES;
				SWIFT_VERSION = 5.0;
				TARGETED_DEVICE_FAMILY = "1,2";
			};
			name = Release;
		};
		6E63C1F62911198100E08B42 /* Debug */ = {
			isa = XCBuildConfiguration;
			buildSettings = {
				ASSETCATALOG_COMPILER_APPICON_NAME = AppIcon;
				ASSETCATALOG_COMPILER_GLOBAL_ACCENT_COLOR_NAME = AccentColor;
				CODE_SIGN_STYLE = Automatic;
				CURRENT_PROJECT_VERSION = 1;
				DEVELOPMENT_ASSET_PATHS = "\"ListsAndNavigation/Preview Content\"";
				DEVELOPMENT_TEAM = XCL3BJXWK5;
				ENABLE_PREVIEWS = YES;
				GENERATE_INFOPLIST_FILE = YES;
				INFOPLIST_FILE = ListsAndNavigation/Info.plist;
				INFOPLIST_KEY_UIApplicationSupportsIndirectInputEvents = YES;
				INFOPLIST_KEY_UILaunchScreen_Generation = YES;
				INFOPLIST_KEY_UIMainStoryboardFile = Main;
				INFOPLIST_KEY_UISupportedInterfaceOrientations_iPad = "UIInterfaceOrientationPortrait UIInterfaceOrientationPortraitUpsideDown UIInterfaceOrientationLandscapeLeft UIInterfaceOrientationLandscapeRight";
				INFOPLIST_KEY_UISupportedInterfaceOrientations_iPhone = "UIInterfaceOrientationPortrait UIInterfaceOrientationLandscapeLeft UIInterfaceOrientationLandscapeRight";
				LD_RUNPATH_SEARCH_PATHS = (
					"$(inherited)",
					"@executable_path/Frameworks",
				);
				MARKETING_VERSION = 1.0;
				PRODUCT_BUNDLE_IDENTIFIER = com.abc.ListsAndNavigation;
				PRODUCT_NAME = "$(TARGET_NAME)";
				SWIFT_EMIT_LOC_STRINGS = YES;
				SWIFT_VERSION = 5.0;
				TARGETED_DEVICE_FAMILY = "1,2";
			};
			name = Debug;
		};
		6E63C1F72911198100E08B42 /* Release */ = {
			isa = XCBuildConfiguration;
			buildSettings = {
				ASSETCATALOG_COMPILER_APPICON_NAME = AppIcon;
				ASSETCATALOG_COMPILER_GLOBAL_ACCENT_COLOR_NAME = AccentColor;
				CODE_SIGN_STYLE = Automatic;
				CURRENT_PROJECT_VERSION = 1;
				DEVELOPMENT_ASSET_PATHS = "\"ListsAndNavigation/Preview Content\"";
				DEVELOPMENT_TEAM = XCL3BJXWK5;
				ENABLE_PREVIEWS = YES;
				GENERATE_INFOPLIST_FILE = YES;
				INFOPLIST_FILE = ListsAndNavigation/Info.plist;
				INFOPLIST_KEY_UIApplicationSupportsIndirectInputEvents = YES;
				INFOPLIST_KEY_UILaunchScreen_Generation = YES;
				INFOPLIST_KEY_UIMainStoryboardFile = Main;
				INFOPLIST_KEY_UISupportedInterfaceOrientations_iPad = "UIInterfaceOrientationPortrait UIInterfaceOrientationPortraitUpsideDown UIInterfaceOrientationLandscapeLeft UIInterfaceOrientationLandscapeRight";
				INFOPLIST_KEY_UISupportedInterfaceOrientations_iPhone = "UIInterfaceOrientationPortrait UIInterfaceOrientationLandscapeLeft UIInterfaceOrientationLandscapeRight";
				LD_RUNPATH_SEARCH_PATHS = (
					"$(inherited)",
					"@executable_path/Frameworks",
				);
				MARKETING_VERSION = 1.0;
				PRODUCT_BUNDLE_IDENTIFIER = com.abc.ListsAndNavigation;
				PRODUCT_NAME = "$(TARGET_NAME)";
				SWIFT_EMIT_LOC_STRINGS = YES;
				SWIFT_VERSION = 5.0;
				TARGETED_DEVICE_FAMILY = "1,2";
			};
			name = Release;
		};
/* End XCBuildConfiguration section */

/* Begin XCConfigurationList section */
		6E63C1CC290FC46500E08B42 /* Build configuration list for PBXProject "SwiftUILearn" */ = {
			isa = XCConfigurationList;
			buildConfigurations = (
				6E63C1DD290FC46A00E08B42 /* Debug */,
				6E63C1DE290FC46A00E08B42 /* Release */,
			);
			defaultConfigurationIsVisible = 0;
			defaultConfigurationName = Release;
		};
		6E63C1DF290FC46A00E08B42 /* Build configuration list for PBXNativeTarget "SwiftUILearn" */ = {
			isa = XCConfigurationList;
			buildConfigurations = (
				6E63C1E0290FC46A00E08B42 /* Debug */,
				6E63C1E1290FC46A00E08B42 /* Release */,
			);
			defaultConfigurationIsVisible = 0;
			defaultConfigurationName = Release;
		};
		6E63C1F52911198100E08B42 /* Build configuration list for PBXNativeTarget "ListsAndNavigation" */ = {
			isa = XCConfigurationList;
			buildConfigurations = (
				6E63C1F62911198100E08B42 /* Debug */,
				6E63C1F72911198100E08B42 /* Release */,
			);
			defaultConfigurationIsVisible = 0;
			defaultConfigurationName = Release;
		};
/* End XCConfigurationList section */
	};
	rootObject = 6E63C1C9290FC46500E08B42 /* Project object */;
}
